PODS:
  - Alamofire (4.4.0)
  - FMDB (2.7.2):
    - FMDB/standard (= 2.7.2)
  - FMDB/standard (2.7.2)
  - LKDBHelper (2.4.2):
    - FMDB
  - SSZipArchive (1.8.1)
  - SVProgressHUD (2.1.2)
  - SwiftyJSON (3.1.4)

DEPENDENCIES:
  - Alamofire (~> 4.4)
  - LKDBHelper (~> 2.4.2)
  - SSZipArchive (~> 1.8.1)
  - SVProgressHUD (~> 2.1.2)
  - SwiftyJSON

SPEC CHECKSUMS:
  Alamofire: dc44b1600b800eb63da6a19039a0083d62a6a62d
  FMDB: 6198a90e7b6900cfc046e6bc0ef6ebb7be9236aa
  LKDBHelper: ab67373b32f47463bf5f838d730f225824f4492a
  SSZipArchive: 04547dfa448be5ed7ecbaf7eaf8a6e9eb9b42997
  SVProgressHUD: c404a55d78acbeb7ebb78b76d3faf986475a6994
  SwiftyJSON: c2842d878f95482ffceec5709abc3d05680c0220

PODFILE CHECKSUM: d65e999a8fb04c56627e0c012da29c28f0fedb8d

COCOAPODS: 1.0.1
