// !$*UTF8*$!
{
	archiveVersion = 1;
	classes = {
	};
	objectVersion = 46;
	objects = {

/* Begin PBXBuildFile section */
		580FA73E81F8CBC9254CF0E4 /* Pods_Toolbox.framework in Frameworks */ = {isa = PBXBuildFile; fileRef = F082408167EDD359A7B14175 /* Pods_Toolbox.framework */; };
		A10648361F04C21E002D088C /* AppIcon-B2C29x29@2x~ipad.png in Resources */ = {isa = PBXBuildFile; fileRef = A10648281F04C21E002D088C /* AppIcon-B2C29x29@2x~ipad.png */; };
		A10648371F04C21E002D088C /* AppIcon-B2C29x29~ipad.png in Resources */ = {isa = PBXBuildFile; fileRef = A10648291F04C21E002D088C /* AppIcon-B2C29x29~ipad.png */; };
		A10648381F04C21E002D088C /* AppIcon-B2C40x40@2x~ipad.png in Resources */ = {isa = PBXBuildFile; fileRef = A106482A1F04C21E002D088C /* AppIcon-B2C40x40@2x~ipad.png */; };
		A10648391F04C21E002D088C /* AppIcon-B2C40x40~ipad.png in Resources */ = {isa = PBXBuildFile; fileRef = A106482B1F04C21E002D088C /* AppIcon-B2C40x40~ipad.png */; };
		A106483A1F04C21E002D088C /* AppIcon-B2C50x50@2x~ipad.png in Resources */ = {isa = PBXBuildFile; fileRef = A106482C1F04C21E002D088C /* AppIcon-B2C50x50@2x~ipad.png */; };
		A106483B1F04C21E002D088C /* AppIcon-B2C50x50~ipad.png in Resources */ = {isa = PBXBuildFile; fileRef = A106482D1F04C21E002D088C /* AppIcon-B2C50x50~ipad.png */; };
		A106483C1F04C21E002D088C /* AppIcon-B2C72x72@2x~ipad.png in Resources */ = {isa = PBXBuildFile; fileRef = A106482E1F04C21E002D088C /* AppIcon-B2C72x72@2x~ipad.png */; };
		A106483D1F04C21E002D088C /* AppIcon-B2C72x72~ipad.png in Resources */ = {isa = PBXBuildFile; fileRef = A106482F1F04C21E002D088C /* AppIcon-B2C72x72~ipad.png */; };
		A106483E1F04C21E002D088C /* AppIcon-B2C76x76@2x~ipad.png in Resources */ = {isa = PBXBuildFile; fileRef = A10648301F04C21E002D088C /* AppIcon-B2C76x76@2x~ipad.png */; };
		A106483F1F04C21E002D088C /* AppIcon-B2C76x76~ipad.png in Resources */ = {isa = PBXBuildFile; fileRef = A10648311F04C21E002D088C /* AppIcon-B2C76x76~ipad.png */; };
		A10648401F04C21E002D088C /* Default-Landscape@2x~ipad.png in Resources */ = {isa = PBXBuildFile; fileRef = A10648321F04C21E002D088C /* Default-Landscape@2x~ipad.png */; };
		A10648411F04C21E002D088C /* Default-Landscape~ipad.png in Resources */ = {isa = PBXBuildFile; fileRef = A10648331F04C21E002D088C /* Default-Landscape~ipad.png */; };
		A10648421F04C21E002D088C /* Default-Portrait@2x~ipad.png in Resources */ = {isa = PBXBuildFile; fileRef = A10648341F04C21E002D088C /* Default-Portrait@2x~ipad.png */; };
		A10648431F04C21E002D088C /* Default-Portrait~ipad.png in Resources */ = {isa = PBXBuildFile; fileRef = A10648351F04C21E002D088C /* Default-Portrait~ipad.png */; };
		A109A4371F74E9B400528B4F /* DS_Delegate.swift in Sources */ = {isa = PBXBuildFile; fileRef = A109A4361F74E9B400528B4F /* DS_Delegate.swift */; };
		A10A87361F4BD59F0089149F /* CoreDataModel+CoreDataClass.swift in Sources */ = {isa = PBXBuildFile; fileRef = A10A87341F4BD59F0089149F /* CoreDataModel+CoreDataClass.swift */; };
		A10A87371F4BD59F0089149F /* CoreDataModel+CoreDataProperties.swift in Sources */ = {isa = PBXBuildFile; fileRef = A10A87351F4BD59F0089149F /* CoreDataModel+CoreDataProperties.swift */; };
		A11058231F5540B900B0D283 /* Settings.bundle in Resources */ = {isa = PBXBuildFile; fileRef = A11058221F5540B700B0D283 /* Settings.bundle */; };
		A12AF8E11F063D0300FC7AD3 /* ManagerCell.swift in Sources */ = {isa = PBXBuildFile; fileRef = A12AF8DF1F063D0300FC7AD3 /* ManagerCell.swift */; };
		A12AF8E21F063D0300FC7AD3 /* ManagerCell.xib in Resources */ = {isa = PBXBuildFile; fileRef = A12AF8E01F063D0300FC7AD3 /* ManagerCell.xib */; };
		A12AF8E51F063D2600FC7AD3 /* ManagerDetailCell.swift in Sources */ = {isa = PBXBuildFile; fileRef = A12AF8E31F063D2600FC7AD3 /* ManagerDetailCell.swift */; };
		A12AF8E61F063D2600FC7AD3 /* ManagerDetailCell.xib in Resources */ = {isa = PBXBuildFile; fileRef = A12AF8E41F063D2600FC7AD3 /* ManagerDetailCell.xib */; };
		A136F11E1F1322DE00349572 /* Model.m in Sources */ = {isa = PBXBuildFile; fileRef = A136F11D1F1322DE00349572 /* Model.m */; };
		A136F1211F1372BC00349572 /* UNZIPFile.swift in Sources */ = {isa = PBXBuildFile; fileRef = A136F1201F1372BC00349572 /* UNZIPFile.swift */; };
		A13F7E881F4AA61C00ACA39C /* Model.xcdatamodeld in Sources */ = {isa = PBXBuildFile; fileRef = A13F7E861F4AA61C00ACA39C /* Model.xcdatamodeld */; };
		A13F7E8A1F4ABEC400ACA39C /* CoreDataKit.swift in Sources */ = {isa = PBXBuildFile; fileRef = A13F7E891F4ABEC300ACA39C /* CoreDataKit.swift */; };
		A15580221F05E89E008C1787 /* PublicationCell.swift in Sources */ = {isa = PBXBuildFile; fileRef = A15580201F05E89D008C1787 /* PublicationCell.swift */; };
		A15580231F05E89E008C1787 /* PublicationCell.xib in Resources */ = {isa = PBXBuildFile; fileRef = A15580211F05E89E008C1787 /* PublicationCell.xib */; };
		A15AF50B1F53B51D00E57031 /* FMDB.m in Sources */ = {isa = PBXBuildFile; fileRef = A15AF50A1F53B51C00E57031 /* FMDB.m */; };
		A16C1A5B1F3D9BE900D961C9 /* UpdateBookViewController.swift in Sources */ = {isa = PBXBuildFile; fileRef = A16C1A591F3D9BE900D961C9 /* UpdateBookViewController.swift */; };
		A16C1A5C1F3D9BE900D961C9 /* UpdateBookViewController.xib in Resources */ = {isa = PBXBuildFile; fileRef = A16C1A5A1F3D9BE900D961C9 /* UpdateBookViewController.xib */; };
		A170C6871F5FBB86008D2AC7 /* DownloadDetailViewController.swift in Sources */ = {isa = PBXBuildFile; fileRef = A170C6861F5FBB86008D2AC7 /* DownloadDetailViewController.swift */; };
		A17792671F2F3771009782F6 /* HUD.swift in Sources */ = {isa = PBXBuildFile; fileRef = A17792661F2F3771009782F6 /* HUD.swift */; };
		A17C81071F30589400EF8B9D /* error.png in Resources */ = {isa = PBXBuildFile; fileRef = A17C81031F30589400EF8B9D /* error.png */; };
		A17C81081F30589400EF8B9D /* error@2x.png in Resources */ = {isa = PBXBuildFile; fileRef = A17C81041F30589400EF8B9D /* error@2x.png */; };
		A17C81091F30589400EF8B9D /* success.png in Resources */ = {isa = PBXBuildFile; fileRef = A17C81051F30589400EF8B9D /* success.png */; };
		A17C810A1F30589400EF8B9D /* success@2x.png in Resources */ = {isa = PBXBuildFile; fileRef = A17C81061F30589400EF8B9D /* success@2x.png */; };
		A181511F1F500D2E00A74779 /* ajax_handler.js in Resources */ = {isa = PBXBuildFile; fileRef = A181511E1F500D2E00A74779 /* ajax_handler.js */; };
		A18288C21F78F875001786D3 /* trash_icon.png in Resources */ = {isa = PBXBuildFile; fileRef = A18288C01F78F875001786D3 /* trash_icon.png */; };
		A18288C31F78F875001786D3 /* trash_icon@2x.png in Resources */ = {isa = PBXBuildFile; fileRef = A18288C11F78F875001786D3 /* trash_icon@2x.png */; };
		A18AD5F51F3D55B20065FF49 /* UnzipInfoViewController.swift in Sources */ = {isa = PBXBuildFile; fileRef = A18AD5F31F3D55B10065FF49 /* UnzipInfoViewController.swift */; };
		A18AD5F61F3D55B20065FF49 /* UnzipInfoViewController.xib in Resources */ = {isa = PBXBuildFile; fileRef = A18AD5F41F3D55B10065FF49 /* UnzipInfoViewController.xib */; };
		A1A19CA61F57DE08007BF3AD /* test.txt in Resources */ = {isa = PBXBuildFile; fileRef = A1A19CA51F57DE08007BF3AD /* test.txt */; };
		A1A27F151F0207FC000CFBDE /* AirplaneSubCell.swift in Sources */ = {isa = PBXBuildFile; fileRef = A1A27F131F0207FC000CFBDE /* AirplaneSubCell.swift */; };
		A1A27F161F0207FC000CFBDE /* AirplaneSubCell.xib in Resources */ = {isa = PBXBuildFile; fileRef = A1A27F141F0207FC000CFBDE /* AirplaneSubCell.xib */; };
		A1B13AB01F3982A10049250F /* FILESManager.swift in Sources */ = {isa = PBXBuildFile; fileRef = A1B13AAF1F3982A10049250F /* FILESManager.swift */; };
		A1B3637D1F739ACD0049FB56 /* UpdateButton.swift in Sources */ = {isa = PBXBuildFile; fileRef = A1B3637C1F739ACD0049FB56 /* UpdateButton.swift */; };
		A1B4CFCB1F58EC91001AB279 /* DataSourceManager.swift in Sources */ = {isa = PBXBuildFile; fileRef = A1B4CFCA1F58EC91001AB279 /* DataSourceManager.swift */; };
		A1B71D081F0B36570054CA04 /* BookmarksCell.swift in Sources */ = {isa = PBXBuildFile; fileRef = A1B71D061F0B36570054CA04 /* BookmarksCell.swift */; };
		A1B71D091F0B36570054CA04 /* BookmarksCell.xib in Resources */ = {isa = PBXBuildFile; fileRef = A1B71D071F0B36570054CA04 /* BookmarksCell.xib */; };
		A1B7A5FA1F7200B9008412AD /* themeColor.swift in Sources */ = {isa = PBXBuildFile; fileRef = A1B7A5F91F7200B9008412AD /* themeColor.swift */; };
		A1B7FB181F0F8912009D6CA9 /* apList.json in Resources */ = {isa = PBXBuildFile; fileRef = A1B7FB171F0F8912009D6CA9 /* apList.json */; };
		A1B928DC1F4E71F600E45EBE /* WebKit.framework in Frameworks */ = {isa = PBXBuildFile; fileRef = A1B928DB1F4E71F600E45EBE /* WebKit.framework */; };
		A1BBCF521F2ACBFF007374B7 /* bookmarkBtnIcon.png in Resources */ = {isa = PBXBuildFile; fileRef = A1BBCF491F2ACBFF007374B7 /* bookmarkBtnIcon.png */; };
		A1BBCF531F2ACBFF007374B7 /* bookmarkOff.png in Resources */ = {isa = PBXBuildFile; fileRef = A1BBCF4A1F2ACBFF007374B7 /* bookmarkOff.png */; };
		A1BBCF541F2ACBFF007374B7 /* bookmarkOff@2x.png in Resources */ = {isa = PBXBuildFile; fileRef = A1BBCF4B1F2ACBFF007374B7 /* bookmarkOff@2x.png */; };
		A1BBCF551F2ACBFF007374B7 /* bookmarkOffHighlighted.png in Resources */ = {isa = PBXBuildFile; fileRef = A1BBCF4C1F2ACBFF007374B7 /* bookmarkOffHighlighted.png */; };
		A1BBCF561F2ACBFF007374B7 /* bookmarkOffHighlighted@2x.png in Resources */ = {isa = PBXBuildFile; fileRef = A1BBCF4D1F2ACBFF007374B7 /* bookmarkOffHighlighted@2x.png */; };
		A1BBCF571F2ACBFF007374B7 /* bookmarkOn.png in Resources */ = {isa = PBXBuildFile; fileRef = A1BBCF4E1F2ACBFF007374B7 /* bookmarkOn.png */; };
		A1BBCF581F2ACBFF007374B7 /* bookmarkOn@2x.png in Resources */ = {isa = PBXBuildFile; fileRef = A1BBCF4F1F2ACBFF007374B7 /* bookmarkOn@2x.png */; };
		A1BBCF591F2ACBFF007374B7 /* bookmarkOnHighlighted.png in Resources */ = {isa = PBXBuildFile; fileRef = A1BBCF501F2ACBFF007374B7 /* bookmarkOnHighlighted.png */; };
		A1BBCF5A1F2ACBFF007374B7 /* bookmarkOnHighlighted@2x.png in Resources */ = {isa = PBXBuildFile; fileRef = A1BBCF511F2ACBFF007374B7 /* bookmarkOnHighlighted@2x.png */; };
		A1BBCF601F2ACFDF007374B7 /* hash_row.png in Resources */ = {isa = PBXBuildFile; fileRef = A1BBCF5B1F2ACFDF007374B7 /* hash_row.png */; };
		A1BBCF611F2ACFDF007374B7 /* hashout.png in Resources */ = {isa = PBXBuildFile; fileRef = A1BBCF5C1F2ACFDF007374B7 /* hashout.png */; };
		A1BBCF621F2ACFDF007374B7 /* hashout@2x.png in Resources */ = {isa = PBXBuildFile; fileRef = A1BBCF5D1F2ACFDF007374B7 /* hashout@2x.png */; };
		A1BBCF631F2ACFDF007374B7 /* header_band.png in Resources */ = {isa = PBXBuildFile; fileRef = A1BBCF5E1F2ACFDF007374B7 /* header_band.png */; };
		A1BBCF641F2ACFDF007374B7 /* header_band@2x.png in Resources */ = {isa = PBXBuildFile; fileRef = A1BBCF5F1F2ACFDF007374B7 /* header_band@2x.png */; };
		A1C06BCB1F0A2D2800A29620 /* PopViewController.swift in Sources */ = {isa = PBXBuildFile; fileRef = A1C06BC91F0A2D2800A29620 /* PopViewController.swift */; };
		A1C06BCC1F0A2D2800A29620 /* PopViewController.xib in Resources */ = {isa = PBXBuildFile; fileRef = A1C06BCA1F0A2D2800A29620 /* PopViewController.xib */; };
		A1C06BCF1F0A356400A29620 /* cancel.png in Resources */ = {isa = PBXBuildFile; fileRef = A1C06BCD1F0A356400A29620 /* cancel.png */; };
		A1C06BD01F0A356400A29620 /* cancel@2x.png in Resources */ = {isa = PBXBuildFile; fileRef = A1C06BCE1F0A356400A29620 /* cancel@2x.png */; };
		A1C06BD71F0A35AC00A29620 /* deleteBookmarkButton.png in Resources */ = {isa = PBXBuildFile; fileRef = A1C06BD11F0A35AC00A29620 /* deleteBookmarkButton.png */; };
		A1C06BD81F0A35AC00A29620 /* deleteBookmarkButton@2x.png in Resources */ = {isa = PBXBuildFile; fileRef = A1C06BD21F0A35AC00A29620 /* deleteBookmarkButton@2x.png */; };
		A1C06BD91F0A35AC00A29620 /* deletePub.png in Resources */ = {isa = PBXBuildFile; fileRef = A1C06BD31F0A35AC00A29620 /* deletePub.png */; };
		A1C06BDA1F0A35AC00A29620 /* deletePub@2x.png in Resources */ = {isa = PBXBuildFile; fileRef = A1C06BD41F0A35AC00A29620 /* deletePub@2x.png */; };
		A1C06BDB1F0A35AC00A29620 /* donwload_data_button.png in Resources */ = {isa = PBXBuildFile; fileRef = A1C06BD51F0A35AC00A29620 /* donwload_data_button.png */; };
		A1C06BDC1F0A35AC00A29620 /* download_data_button@2x.png in Resources */ = {isa = PBXBuildFile; fileRef = A1C06BD61F0A35AC00A29620 /* download_data_button@2x.png */; };
		A1C1AB0B1F037A9400C29333 /* BaseTableViewController.swift in Sources */ = {isa = PBXBuildFile; fileRef = A1C1AB0A1F037A9400C29333 /* BaseTableViewController.swift */; };
		A1C1AB0D1F037D2900C29333 /* BaseViewControllerWithTable.swift in Sources */ = {isa = PBXBuildFile; fileRef = A1C1AB0C1F037D2900C29333 /* BaseViewControllerWithTable.swift */; };
		A1C1BD5D1F00A0AA002FC0E0 /* AppDelegate.swift in Sources */ = {isa = PBXBuildFile; fileRef = A1C1BD5C1F00A0AA002FC0E0 /* AppDelegate.swift */; };
		A1C1BD5F1F00A0AA002FC0E0 /* ViewController.swift in Sources */ = {isa = PBXBuildFile; fileRef = A1C1BD5E1F00A0AA002FC0E0 /* ViewController.swift */; };
		A1C1BD641F00A0AA002FC0E0 /* Assets.xcassets in Resources */ = {isa = PBXBuildFile; fileRef = A1C1BD631F00A0AA002FC0E0 /* Assets.xcassets */; };
		A1C1BD671F00A0AA002FC0E0 /* LaunchScreen.storyboard in Resources */ = {isa = PBXBuildFile; fileRef = A1C1BD651F00A0AA002FC0E0 /* LaunchScreen.storyboard */; };
		A1C1BD721F00A0AA002FC0E0 /* ToolboxTests.swift in Sources */ = {isa = PBXBuildFile; fileRef = A1C1BD711F00A0AA002FC0E0 /* ToolboxTests.swift */; };
		A1C1BD7D1F00A0AA002FC0E0 /* ToolboxUITests.swift in Sources */ = {isa = PBXBuildFile; fileRef = A1C1BD7C1F00A0AA002FC0E0 /* ToolboxUITests.swift */; };
		A1C1BD8C1F00A5BB002FC0E0 /* BaseTabbarController.swift in Sources */ = {isa = PBXBuildFile; fileRef = A1C1BD8B1F00A5BB002FC0E0 /* BaseTabbarController.swift */; };
		A1C1BD8E1F00A5E0002FC0E0 /* BaseViewController.swift in Sources */ = {isa = PBXBuildFile; fileRef = A1C1BD8D1F00A5E0002FC0E0 /* BaseViewController.swift */; };
		A1C1BD901F00A61B002FC0E0 /* BaseNavigationController.swift in Sources */ = {isa = PBXBuildFile; fileRef = A1C1BD8F1F00A61B002FC0E0 /* BaseNavigationController.swift */; };
		A1C1BD931F00A718002FC0E0 /* constant.swift in Sources */ = {isa = PBXBuildFile; fileRef = A1C1BD921F00A718002FC0E0 /* constant.swift */; };
		A1C1BD961F00AC18002FC0E0 /* AirplaneController.swift in Sources */ = {isa = PBXBuildFile; fileRef = A1C1BD951F00AC18002FC0E0 /* AirplaneController.swift */; };
		A1C1BD981F00AC5A002FC0E0 /* PublicationController.swift in Sources */ = {isa = PBXBuildFile; fileRef = A1C1BD971F00AC5A002FC0E0 /* PublicationController.swift */; };
		A1C1BD9A1F00AC77002FC0E0 /* TOCViewController.swift in Sources */ = {isa = PBXBuildFile; fileRef = A1C1BD991F00AC77002FC0E0 /* TOCViewController.swift */; };
		A1C1BD9C1F00ACA2002FC0E0 /* ViewerController.swift in Sources */ = {isa = PBXBuildFile; fileRef = A1C1BD9B1F00ACA2002FC0E0 /* ViewerController.swift */; };
		A1C1BD9E1F00ACB5002FC0E0 /* HistoryController.swift in Sources */ = {isa = PBXBuildFile; fileRef = A1C1BD9D1F00ACB5002FC0E0 /* HistoryController.swift */; };
		A1C1BDA01F00ACC9002FC0E0 /* BookmarkController.swift in Sources */ = {isa = PBXBuildFile; fileRef = A1C1BD9F1F00ACC9002FC0E0 /* BookmarkController.swift */; };
		A1C1BDA21F00ACE0002FC0E0 /* ManagerController.swift in Sources */ = {isa = PBXBuildFile; fileRef = A1C1BDA11F00ACE0002FC0E0 /* ManagerController.swift */; };
		A1C1BDA61F00EEB3002FC0E0 /* AirplaneCell.swift in Sources */ = {isa = PBXBuildFile; fileRef = A1C1BDA41F00EEB3002FC0E0 /* AirplaneCell.swift */; };
		A1C1BDA71F00EEB3002FC0E0 /* AirplaneCell.xib in Resources */ = {isa = PBXBuildFile; fileRef = A1C1BDA51F00EEB3002FC0E0 /* AirplaneCell.xib */; };
		A1C1BDAB1F00FF85002FC0E0 /* downSleft.png in Resources */ = {isa = PBXBuildFile; fileRef = A1C1BDA91F00FF85002FC0E0 /* downSleft.png */; };
		A1C1BDAC1F00FF85002FC0E0 /* downSleft@2x.png in Resources */ = {isa = PBXBuildFile; fileRef = A1C1BDAA1F00FF85002FC0E0 /* downSleft@2x.png */; };
		A1C1BDAE1F0101E9002FC0E0 /* buttonBg.png in Resources */ = {isa = PBXBuildFile; fileRef = A1C1BDAD1F0101E9002FC0E0 /* buttonBg.png */; };
		A1CA21861F3472CE0055BCB0 /* SetterViewController.swift in Sources */ = {isa = PBXBuildFile; fileRef = A1CA21841F3472CE0055BCB0 /* SetterViewController.swift */; };
		A1CA21871F3472CE0055BCB0 /* SetterViewController.xib in Resources */ = {isa = PBXBuildFile; fileRef = A1CA21851F3472CE0055BCB0 /* SetterViewController.xib */; };
		A1CAEA5E1F5E6C4500CE751B /* DownloadViewController.swift in Sources */ = {isa = PBXBuildFile; fileRef = A1CAEA5D1F5E6C4400CE751B /* DownloadViewController.swift */; };
		A1D5978F1F4689D100C0F5B8 /* XMLParseKit.swift in Sources */ = {isa = PBXBuildFile; fileRef = A1D5978E1F4689D100C0F5B8 /* XMLParseKit.swift */; };
		A1D597911F46CD3F00C0F5B8 /* book.xml in Resources */ = {isa = PBXBuildFile; fileRef = A1D597901F46CD3F00C0F5B8 /* book.xml */; };
		A1DE04601F21D06B000C5069 /* SegmentCell.swift in Sources */ = {isa = PBXBuildFile; fileRef = A1DE045E1F21D06B000C5069 /* SegmentCell.swift */; };
		A1DE04611F21D06B000C5069 /* SegmentCell.xib in Resources */ = {isa = PBXBuildFile; fileRef = A1DE045F1F21D06B000C5069 /* SegmentCell.xib */; };
		A1E9BF931F5E808C005251C8 /* DownloadCell.swift in Sources */ = {isa = PBXBuildFile; fileRef = A1E9BF911F5E808C005251C8 /* DownloadCell.swift */; };
		A1E9BF941F5E808C005251C8 /* DownloadCell.xib in Resources */ = {isa = PBXBuildFile; fileRef = A1E9BF921F5E808C005251C8 /* DownloadCell.xib */; };
		A1ED124F1F56B53900FCD259 /* NetHelper.swift in Sources */ = {isa = PBXBuildFile; fileRef = A1ED124E1F56B53900FCD259 /* NetHelper.swift */; };
		AD2318471F814277002FA89B /* buttonBg2.png in Resources */ = {isa = PBXBuildFile; fileRef = AD2318461F814277002FA89B /* buttonBg2.png */; };
/* End PBXBuildFile section */

/* Begin PBXContainerItemProxy section */
		A1C1BD6E1F00A0AA002FC0E0 /* PBXContainerItemProxy */ = {
			isa = PBXContainerItemProxy;
			containerPortal = A1C1BD511F00A0AA002FC0E0 /* Project object */;
			proxyType = 1;
			remoteGlobalIDString = A1C1BD581F00A0AA002FC0E0;
			remoteInfo = Toolbox;
		};
		A1C1BD791F00A0AA002FC0E0 /* PBXContainerItemProxy */ = {
			isa = PBXContainerItemProxy;
			containerPortal = A1C1BD511F00A0AA002FC0E0 /* Project object */;
			proxyType = 1;
			remoteGlobalIDString = A1C1BD581F00A0AA002FC0E0;
			remoteInfo = Toolbox;
		};
/* End PBXContainerItemProxy section */

/* Begin PBXFileReference section */
		656A95BFE95AA8238D58CD5C /* Pods-Toolbox.debug.xcconfig */ = {isa = PBXFileReference; includeInIndex = 1; lastKnownFileType = text.xcconfig; name = "Pods-Toolbox.debug.xcconfig"; path = "Pods/Target Support Files/Pods-Toolbox/Pods-Toolbox.debug.xcconfig"; sourceTree = "<group>"; };
		A10648281F04C21E002D088C /* AppIcon-B2C29x29@2x~ipad.png */ = {isa = PBXFileReference; lastKnownFileType = image.png; path = "AppIcon-B2C29x29@2x~ipad.png"; sourceTree = "<group>"; };
		A10648291F04C21E002D088C /* AppIcon-B2C29x29~ipad.png */ = {isa = PBXFileReference; lastKnownFileType = image.png; path = "AppIcon-B2C29x29~ipad.png"; sourceTree = "<group>"; };
		A106482A1F04C21E002D088C /* AppIcon-B2C40x40@2x~ipad.png */ = {isa = PBXFileReference; lastKnownFileType = image.png; path = "AppIcon-B2C40x40@2x~ipad.png"; sourceTree = "<group>"; };
		A106482B1F04C21E002D088C /* AppIcon-B2C40x40~ipad.png */ = {isa = PBXFileReference; lastKnownFileType = image.png; path = "AppIcon-B2C40x40~ipad.png"; sourceTree = "<group>"; };
		A106482C1F04C21E002D088C /* AppIcon-B2C50x50@2x~ipad.png */ = {isa = PBXFileReference; lastKnownFileType = image.png; path = "AppIcon-B2C50x50@2x~ipad.png"; sourceTree = "<group>"; };
		A106482D1F04C21E002D088C /* AppIcon-B2C50x50~ipad.png */ = {isa = PBXFileReference; lastKnownFileType = image.png; path = "AppIcon-B2C50x50~ipad.png"; sourceTree = "<group>"; };
		A106482E1F04C21E002D088C /* AppIcon-B2C72x72@2x~ipad.png */ = {isa = PBXFileReference; lastKnownFileType = image.png; path = "AppIcon-B2C72x72@2x~ipad.png"; sourceTree = "<group>"; };
		A106482F1F04C21E002D088C /* AppIcon-B2C72x72~ipad.png */ = {isa = PBXFileReference; lastKnownFileType = image.png; path = "AppIcon-B2C72x72~ipad.png"; sourceTree = "<group>"; };
		A10648301F04C21E002D088C /* AppIcon-B2C76x76@2x~ipad.png */ = {isa = PBXFileReference; lastKnownFileType = image.png; path = "AppIcon-B2C76x76@2x~ipad.png"; sourceTree = "<group>"; };
		A10648311F04C21E002D088C /* AppIcon-B2C76x76~ipad.png */ = {isa = PBXFileReference; lastKnownFileType = image.png; path = "AppIcon-B2C76x76~ipad.png"; sourceTree = "<group>"; };
		A10648321F04C21E002D088C /* Default-Landscape@2x~ipad.png */ = {isa = PBXFileReference; lastKnownFileType = image.png; path = "Default-Landscape@2x~ipad.png"; sourceTree = "<group>"; };
		A10648331F04C21E002D088C /* Default-Landscape~ipad.png */ = {isa = PBXFileReference; lastKnownFileType = image.png; path = "Default-Landscape~ipad.png"; sourceTree = "<group>"; };
		A10648341F04C21E002D088C /* Default-Portrait@2x~ipad.png */ = {isa = PBXFileReference; lastKnownFileType = image.png; path = "Default-Portrait@2x~ipad.png"; sourceTree = "<group>"; };
		A10648351F04C21E002D088C /* Default-Portrait~ipad.png */ = {isa = PBXFileReference; lastKnownFileType = image.png; path = "Default-Portrait~ipad.png"; sourceTree = "<group>"; };
		A109A4361F74E9B400528B4F /* DS_Delegate.swift */ = {isa = PBXFileReference; fileEncoding = 4; lastKnownFileType = sourcecode.swift; path = DS_Delegate.swift; sourceTree = "<group>"; };
		A10A87341F4BD59F0089149F /* CoreDataModel+CoreDataClass.swift */ = {isa = PBXFileReference; fileEncoding = 4; lastKnownFileType = sourcecode.swift; name = "CoreDataModel+CoreDataClass.swift"; path = "../CoreDataModel+CoreDataClass.swift"; sourceTree = "<group>"; };
		A10A87351F4BD59F0089149F /* CoreDataModel+CoreDataProperties.swift */ = {isa = PBXFileReference; fileEncoding = 4; lastKnownFileType = sourcecode.swift; name = "CoreDataModel+CoreDataProperties.swift"; path = "../CoreDataModel+CoreDataProperties.swift"; sourceTree = "<group>"; };
		A11058221F5540B700B0D283 /* Settings.bundle */ = {isa = PBXFileReference; lastKnownFileType = "wrapper.plug-in"; path = Settings.bundle; sourceTree = "<group>"; };
		A12AF8DF1F063D0300FC7AD3 /* ManagerCell.swift */ = {isa = PBXFileReference; fileEncoding = 4; lastKnownFileType = sourcecode.swift; path = ManagerCell.swift; sourceTree = "<group>"; };
		A12AF8E01F063D0300FC7AD3 /* ManagerCell.xib */ = {isa = PBXFileReference; fileEncoding = 4; lastKnownFileType = file.xib; path = ManagerCell.xib; sourceTree = "<group>"; };
		A12AF8E31F063D2600FC7AD3 /* ManagerDetailCell.swift */ = {isa = PBXFileReference; fileEncoding = 4; lastKnownFileType = sourcecode.swift; path = ManagerDetailCell.swift; sourceTree = "<group>"; };
		A12AF8E41F063D2600FC7AD3 /* ManagerDetailCell.xib */ = {isa = PBXFileReference; fileEncoding = 4; lastKnownFileType = file.xib; path = ManagerDetailCell.xib; sourceTree = "<group>"; };
		A136F11B1F1322DD00349572 /* Toolbox-Bridging-Header.h */ = {isa = PBXFileReference; lastKnownFileType = sourcecode.c.h; path = "Toolbox-Bridging-Header.h"; sourceTree = "<group>"; };
		A136F11C1F1322DE00349572 /* Model.h */ = {isa = PBXFileReference; fileEncoding = 4; lastKnownFileType = sourcecode.c.h; path = Model.h; sourceTree = "<group>"; };
		A136F11D1F1322DE00349572 /* Model.m */ = {isa = PBXFileReference; fileEncoding = 4; lastKnownFileType = sourcecode.c.objc; path = Model.m; sourceTree = "<group>"; };
		A136F1201F1372BC00349572 /* UNZIPFile.swift */ = {isa = PBXFileReference; fileEncoding = 4; lastKnownFileType = sourcecode.swift; path = UNZIPFile.swift; sourceTree = "<group>"; };
		A13F7E871F4AA61C00ACA39C /* Model.xcdatamodel */ = {isa = PBXFileReference; lastKnownFileType = wrapper.xcdatamodel; path = Model.xcdatamodel; sourceTree = "<group>"; };
		A13F7E891F4ABEC300ACA39C /* CoreDataKit.swift */ = {isa = PBXFileReference; fileEncoding = 4; lastKnownFileType = sourcecode.swift; path = CoreDataKit.swift; sourceTree = "<group>"; };
		A15580201F05E89D008C1787 /* PublicationCell.swift */ = {isa = PBXFileReference; fileEncoding = 4; lastKnownFileType = sourcecode.swift; path = PublicationCell.swift; sourceTree = "<group>"; };
		A15580211F05E89E008C1787 /* PublicationCell.xib */ = {isa = PBXFileReference; fileEncoding = 4; lastKnownFileType = file.xib; path = PublicationCell.xib; sourceTree = "<group>"; };
		A15AF5091F53B51C00E57031 /* FMDB.h */ = {isa = PBXFileReference; fileEncoding = 4; lastKnownFileType = sourcecode.c.h; path = FMDB.h; sourceTree = "<group>"; };
		A15AF50A1F53B51C00E57031 /* FMDB.m */ = {isa = PBXFileReference; fileEncoding = 4; lastKnownFileType = sourcecode.c.objc; path = FMDB.m; sourceTree = "<group>"; };
		A16C1A591F3D9BE900D961C9 /* UpdateBookViewController.swift */ = {isa = PBXFileReference; fileEncoding = 4; lastKnownFileType = sourcecode.swift; path = UpdateBookViewController.swift; sourceTree = "<group>"; };
		A16C1A5A1F3D9BE900D961C9 /* UpdateBookViewController.xib */ = {isa = PBXFileReference; fileEncoding = 4; lastKnownFileType = file.xib; path = UpdateBookViewController.xib; sourceTree = "<group>"; };
		A170C6861F5FBB86008D2AC7 /* DownloadDetailViewController.swift */ = {isa = PBXFileReference; fileEncoding = 4; lastKnownFileType = sourcecode.swift; path = DownloadDetailViewController.swift; sourceTree = "<group>"; };
		A17792661F2F3771009782F6 /* HUD.swift */ = {isa = PBXFileReference; fileEncoding = 4; lastKnownFileType = sourcecode.swift; path = HUD.swift; sourceTree = "<group>"; };
		A17C81031F30589400EF8B9D /* error.png */ = {isa = PBXFileReference; lastKnownFileType = image.png; path = error.png; sourceTree = "<group>"; };
		A17C81041F30589400EF8B9D /* error@2x.png */ = {isa = PBXFileReference; lastKnownFileType = image.png; path = "error@2x.png"; sourceTree = "<group>"; };
		A17C81051F30589400EF8B9D /* success.png */ = {isa = PBXFileReference; lastKnownFileType = image.png; path = success.png; sourceTree = "<group>"; };
		A17C81061F30589400EF8B9D /* success@2x.png */ = {isa = PBXFileReference; lastKnownFileType = image.png; path = "success@2x.png"; sourceTree = "<group>"; };
		A181511E1F500D2E00A74779 /* ajax_handler.js */ = {isa = PBXFileReference; fileEncoding = 4; lastKnownFileType = sourcecode.javascript; path = ajax_handler.js; sourceTree = "<group>"; };
		A18288C01F78F875001786D3 /* trash_icon.png */ = {isa = PBXFileReference; lastKnownFileType = image.png; path = trash_icon.png; sourceTree = "<group>"; };
		A18288C11F78F875001786D3 /* trash_icon@2x.png */ = {isa = PBXFileReference; lastKnownFileType = image.png; path = "trash_icon@2x.png"; sourceTree = "<group>"; };
		A18AD5F31F3D55B10065FF49 /* UnzipInfoViewController.swift */ = {isa = PBXFileReference; fileEncoding = 4; lastKnownFileType = sourcecode.swift; path = UnzipInfoViewController.swift; sourceTree = "<group>"; };
		A18AD5F41F3D55B10065FF49 /* UnzipInfoViewController.xib */ = {isa = PBXFileReference; fileEncoding = 4; lastKnownFileType = file.xib; path = UnzipInfoViewController.xib; sourceTree = "<group>"; };
		A1A19CA51F57DE08007BF3AD /* test.txt */ = {isa = PBXFileReference; fileEncoding = 4; lastKnownFileType = text; path = test.txt; sourceTree = "<group>"; };
		A1A27F131F0207FC000CFBDE /* AirplaneSubCell.swift */ = {isa = PBXFileReference; fileEncoding = 4; lastKnownFileType = sourcecode.swift; path = AirplaneSubCell.swift; sourceTree = "<group>"; };
		A1A27F141F0207FC000CFBDE /* AirplaneSubCell.xib */ = {isa = PBXFileReference; fileEncoding = 4; lastKnownFileType = file.xib; path = AirplaneSubCell.xib; sourceTree = "<group>"; };
		A1B13AAF1F3982A10049250F /* FILESManager.swift */ = {isa = PBXFileReference; fileEncoding = 4; lastKnownFileType = sourcecode.swift; path = FILESManager.swift; sourceTree = "<group>"; };
		A1B3637C1F739ACD0049FB56 /* UpdateButton.swift */ = {isa = PBXFileReference; fileEncoding = 4; lastKnownFileType = sourcecode.swift; path = UpdateButton.swift; sourceTree = "<group>"; };
		A1B4CFCA1F58EC91001AB279 /* DataSourceManager.swift */ = {isa = PBXFileReference; fileEncoding = 4; lastKnownFileType = sourcecode.swift; path = DataSourceManager.swift; sourceTree = "<group>"; };
		A1B71D061F0B36570054CA04 /* BookmarksCell.swift */ = {isa = PBXFileReference; fileEncoding = 4; lastKnownFileType = sourcecode.swift; path = BookmarksCell.swift; sourceTree = "<group>"; };
		A1B71D071F0B36570054CA04 /* BookmarksCell.xib */ = {isa = PBXFileReference; fileEncoding = 4; lastKnownFileType = file.xib; path = BookmarksCell.xib; sourceTree = "<group>"; };
		A1B7A5F91F7200B9008412AD /* themeColor.swift */ = {isa = PBXFileReference; fileEncoding = 4; lastKnownFileType = sourcecode.swift; path = themeColor.swift; sourceTree = "<group>"; };
		A1B7FB171F0F8912009D6CA9 /* apList.json */ = {isa = PBXFileReference; fileEncoding = 4; lastKnownFileType = text.json; path = apList.json; sourceTree = "<group>"; };
		A1B928DB1F4E71F600E45EBE /* WebKit.framework */ = {isa = PBXFileReference; lastKnownFileType = wrapper.framework; name = WebKit.framework; path = System/Library/Frameworks/WebKit.framework; sourceTree = SDKROOT; };
		A1BBCF491F2ACBFF007374B7 /* bookmarkBtnIcon.png */ = {isa = PBXFileReference; lastKnownFileType = image.png; name = bookmarkBtnIcon.png; path = "1-icon/bookmarkBtnIcon.png"; sourceTree = "<group>"; };
		A1BBCF4A1F2ACBFF007374B7 /* bookmarkOff.png */ = {isa = PBXFileReference; lastKnownFileType = image.png; name = bookmarkOff.png; path = "1-icon/bookmarkOff.png"; sourceTree = "<group>"; };
		A1BBCF4B1F2ACBFF007374B7 /* bookmarkOff@2x.png */ = {isa = PBXFileReference; lastKnownFileType = image.png; name = "bookmarkOff@2x.png"; path = "1-icon/bookmarkOff@2x.png"; sourceTree = "<group>"; };
		A1BBCF4C1F2ACBFF007374B7 /* bookmarkOffHighlighted.png */ = {isa = PBXFileReference; lastKnownFileType = image.png; name = bookmarkOffHighlighted.png; path = "1-icon/bookmarkOffHighlighted.png"; sourceTree = "<group>"; };
		A1BBCF4D1F2ACBFF007374B7 /* bookmarkOffHighlighted@2x.png */ = {isa = PBXFileReference; lastKnownFileType = image.png; name = "bookmarkOffHighlighted@2x.png"; path = "1-icon/bookmarkOffHighlighted@2x.png"; sourceTree = "<group>"; };
		A1BBCF4E1F2ACBFF007374B7 /* bookmarkOn.png */ = {isa = PBXFileReference; lastKnownFileType = image.png; name = bookmarkOn.png; path = "1-icon/bookmarkOn.png"; sourceTree = "<group>"; };
		A1BBCF4F1F2ACBFF007374B7 /* bookmarkOn@2x.png */ = {isa = PBXFileReference; lastKnownFileType = image.png; name = "bookmarkOn@2x.png"; path = "1-icon/bookmarkOn@2x.png"; sourceTree = "<group>"; };
		A1BBCF501F2ACBFF007374B7 /* bookmarkOnHighlighted.png */ = {isa = PBXFileReference; lastKnownFileType = image.png; name = bookmarkOnHighlighted.png; path = "1-icon/bookmarkOnHighlighted.png"; sourceTree = "<group>"; };
		A1BBCF511F2ACBFF007374B7 /* bookmarkOnHighlighted@2x.png */ = {isa = PBXFileReference; lastKnownFileType = image.png; name = "bookmarkOnHighlighted@2x.png"; path = "1-icon/bookmarkOnHighlighted@2x.png"; sourceTree = "<group>"; };
		A1BBCF5B1F2ACFDF007374B7 /* hash_row.png */ = {isa = PBXFileReference; lastKnownFileType = image.png; path = hash_row.png; sourceTree = "<group>"; };
		A1BBCF5C1F2ACFDF007374B7 /* hashout.png */ = {isa = PBXFileReference; lastKnownFileType = image.png; path = hashout.png; sourceTree = "<group>"; };
		A1BBCF5D1F2ACFDF007374B7 /* hashout@2x.png */ = {isa = PBXFileReference; lastKnownFileType = image.png; path = "hashout@2x.png"; sourceTree = "<group>"; };
		A1BBCF5E1F2ACFDF007374B7 /* header_band.png */ = {isa = PBXFileReference; lastKnownFileType = image.png; path = header_band.png; sourceTree = "<group>"; };
		A1BBCF5F1F2ACFDF007374B7 /* header_band@2x.png */ = {isa = PBXFileReference; lastKnownFileType = image.png; path = "header_band@2x.png"; sourceTree = "<group>"; };
		A1C06BC91F0A2D2800A29620 /* PopViewController.swift */ = {isa = PBXFileReference; fileEncoding = 4; lastKnownFileType = sourcecode.swift; path = PopViewController.swift; sourceTree = "<group>"; };
		A1C06BCA1F0A2D2800A29620 /* PopViewController.xib */ = {isa = PBXFileReference; fileEncoding = 4; lastKnownFileType = file.xib; path = PopViewController.xib; sourceTree = "<group>"; };
		A1C06BCD1F0A356400A29620 /* cancel.png */ = {isa = PBXFileReference; lastKnownFileType = image.png; name = cancel.png; path = "1-icon/cancel.png"; sourceTree = "<group>"; };
		A1C06BCE1F0A356400A29620 /* cancel@2x.png */ = {isa = PBXFileReference; lastKnownFileType = image.png; name = "cancel@2x.png"; path = "1-icon/cancel@2x.png"; sourceTree = "<group>"; };
		A1C06BD11F0A35AC00A29620 /* deleteBookmarkButton.png */ = {isa = PBXFileReference; lastKnownFileType = image.png; path = deleteBookmarkButton.png; sourceTree = "<group>"; };
		A1C06BD21F0A35AC00A29620 /* deleteBookmarkButton@2x.png */ = {isa = PBXFileReference; lastKnownFileType = image.png; path = "deleteBookmarkButton@2x.png"; sourceTree = "<group>"; };
		A1C06BD31F0A35AC00A29620 /* deletePub.png */ = {isa = PBXFileReference; lastKnownFileType = image.png; path = deletePub.png; sourceTree = "<group>"; };
		A1C06BD41F0A35AC00A29620 /* deletePub@2x.png */ = {isa = PBXFileReference; lastKnownFileType = image.png; path = "deletePub@2x.png"; sourceTree = "<group>"; };
		A1C06BD51F0A35AC00A29620 /* donwload_data_button.png */ = {isa = PBXFileReference; lastKnownFileType = image.png; path = donwload_data_button.png; sourceTree = "<group>"; };
		A1C06BD61F0A35AC00A29620 /* download_data_button@2x.png */ = {isa = PBXFileReference; lastKnownFileType = image.png; path = "download_data_button@2x.png"; sourceTree = "<group>"; };
		A1C1AB0A1F037A9400C29333 /* BaseTableViewController.swift */ = {isa = PBXFileReference; fileEncoding = 4; lastKnownFileType = sourcecode.swift; path = BaseTableViewController.swift; sourceTree = "<group>"; };
		A1C1AB0C1F037D2900C29333 /* BaseViewControllerWithTable.swift */ = {isa = PBXFileReference; fileEncoding = 4; lastKnownFileType = sourcecode.swift; path = BaseViewControllerWithTable.swift; sourceTree = "<group>"; };
		A1C1BD591F00A0AA002FC0E0 /* Toolbox.app */ = {isa = PBXFileReference; explicitFileType = wrapper.application; includeInIndex = 0; path = Toolbox.app; sourceTree = BUILT_PRODUCTS_DIR; };
		A1C1BD5C1F00A0AA002FC0E0 /* AppDelegate.swift */ = {isa = PBXFileReference; lastKnownFileType = sourcecode.swift; path = AppDelegate.swift; sourceTree = "<group>"; };
		A1C1BD5E1F00A0AA002FC0E0 /* ViewController.swift */ = {isa = PBXFileReference; lastKnownFileType = sourcecode.swift; path = ViewController.swift; sourceTree = "<group>"; };
		A1C1BD631F00A0AA002FC0E0 /* Assets.xcassets */ = {isa = PBXFileReference; lastKnownFileType = folder.assetcatalog; path = Assets.xcassets; sourceTree = "<group>"; };
		A1C1BD661F00A0AA002FC0E0 /* Base */ = {isa = PBXFileReference; lastKnownFileType = file.storyboard; name = Base; path = Base.lproj/LaunchScreen.storyboard; sourceTree = "<group>"; };
		A1C1BD681F00A0AA002FC0E0 /* Info.plist */ = {isa = PBXFileReference; lastKnownFileType = text.plist.xml; path = Info.plist; sourceTree = "<group>"; };
		A1C1BD6D1F00A0AA002FC0E0 /* ToolboxTests.xctest */ = {isa = PBXFileReference; explicitFileType = wrapper.cfbundle; includeInIndex = 0; path = ToolboxTests.xctest; sourceTree = BUILT_PRODUCTS_DIR; };
		A1C1BD711F00A0AA002FC0E0 /* ToolboxTests.swift */ = {isa = PBXFileReference; lastKnownFileType = sourcecode.swift; path = ToolboxTests.swift; sourceTree = "<group>"; };
		A1C1BD731F00A0AA002FC0E0 /* Info.plist */ = {isa = PBXFileReference; lastKnownFileType = text.plist.xml; path = Info.plist; sourceTree = "<group>"; };
		A1C1BD781F00A0AA002FC0E0 /* ToolboxUITests.xctest */ = {isa = PBXFileReference; explicitFileType = wrapper.cfbundle; includeInIndex = 0; path = ToolboxUITests.xctest; sourceTree = BUILT_PRODUCTS_DIR; };
		A1C1BD7C1F00A0AA002FC0E0 /* ToolboxUITests.swift */ = {isa = PBXFileReference; lastKnownFileType = sourcecode.swift; path = ToolboxUITests.swift; sourceTree = "<group>"; };
		A1C1BD7E1F00A0AA002FC0E0 /* Info.plist */ = {isa = PBXFileReference; lastKnownFileType = text.plist.xml; path = Info.plist; sourceTree = "<group>"; };
		A1C1BD8B1F00A5BB002FC0E0 /* BaseTabbarController.swift */ = {isa = PBXFileReference; fileEncoding = 4; lastKnownFileType = sourcecode.swift; path = BaseTabbarController.swift; sourceTree = "<group>"; };
		A1C1BD8D1F00A5E0002FC0E0 /* BaseViewController.swift */ = {isa = PBXFileReference; fileEncoding = 4; lastKnownFileType = sourcecode.swift; path = BaseViewController.swift; sourceTree = "<group>"; };
		A1C1BD8F1F00A61B002FC0E0 /* BaseNavigationController.swift */ = {isa = PBXFileReference; fileEncoding = 4; lastKnownFileType = sourcecode.swift; path = BaseNavigationController.swift; sourceTree = "<group>"; };
		A1C1BD921F00A718002FC0E0 /* constant.swift */ = {isa = PBXFileReference; fileEncoding = 4; lastKnownFileType = sourcecode.swift; path = constant.swift; sourceTree = "<group>"; };
		A1C1BD951F00AC18002FC0E0 /* AirplaneController.swift */ = {isa = PBXFileReference; fileEncoding = 4; lastKnownFileType = sourcecode.swift; path = AirplaneController.swift; sourceTree = "<group>"; };
		A1C1BD971F00AC5A002FC0E0 /* PublicationController.swift */ = {isa = PBXFileReference; fileEncoding = 4; lastKnownFileType = sourcecode.swift; path = PublicationController.swift; sourceTree = "<group>"; };
		A1C1BD991F00AC77002FC0E0 /* TOCViewController.swift */ = {isa = PBXFileReference; fileEncoding = 4; lastKnownFileType = sourcecode.swift; path = TOCViewController.swift; sourceTree = "<group>"; };
		A1C1BD9B1F00ACA2002FC0E0 /* ViewerController.swift */ = {isa = PBXFileReference; fileEncoding = 4; lastKnownFileType = sourcecode.swift; path = ViewerController.swift; sourceTree = "<group>"; };
		A1C1BD9D1F00ACB5002FC0E0 /* HistoryController.swift */ = {isa = PBXFileReference; fileEncoding = 4; lastKnownFileType = sourcecode.swift; path = HistoryController.swift; sourceTree = "<group>"; };
		A1C1BD9F1F00ACC9002FC0E0 /* BookmarkController.swift */ = {isa = PBXFileReference; fileEncoding = 4; lastKnownFileType = sourcecode.swift; path = BookmarkController.swift; sourceTree = "<group>"; };
		A1C1BDA11F00ACE0002FC0E0 /* ManagerController.swift */ = {isa = PBXFileReference; fileEncoding = 4; lastKnownFileType = sourcecode.swift; path = ManagerController.swift; sourceTree = "<group>"; };
		A1C1BDA41F00EEB3002FC0E0 /* AirplaneCell.swift */ = {isa = PBXFileReference; fileEncoding = 4; lastKnownFileType = sourcecode.swift; path = AirplaneCell.swift; sourceTree = "<group>"; };
		A1C1BDA51F00EEB3002FC0E0 /* AirplaneCell.xib */ = {isa = PBXFileReference; fileEncoding = 4; lastKnownFileType = file.xib; path = AirplaneCell.xib; sourceTree = "<group>"; };
		A1C1BDA91F00FF85002FC0E0 /* downSleft.png */ = {isa = PBXFileReference; lastKnownFileType = image.png; path = downSleft.png; sourceTree = "<group>"; };
		A1C1BDAA1F00FF85002FC0E0 /* downSleft@2x.png */ = {isa = PBXFileReference; lastKnownFileType = image.png; path = "downSleft@2x.png"; sourceTree = "<group>"; };
		A1C1BDAD1F0101E9002FC0E0 /* buttonBg.png */ = {isa = PBXFileReference; lastKnownFileType = image.png; path = buttonBg.png; sourceTree = "<group>"; };
		A1CA21841F3472CE0055BCB0 /* SetterViewController.swift */ = {isa = PBXFileReference; fileEncoding = 4; lastKnownFileType = sourcecode.swift; path = SetterViewController.swift; sourceTree = "<group>"; };
		A1CA21851F3472CE0055BCB0 /* SetterViewController.xib */ = {isa = PBXFileReference; fileEncoding = 4; lastKnownFileType = file.xib; path = SetterViewController.xib; sourceTree = "<group>"; };
		A1CAEA5D1F5E6C4400CE751B /* DownloadViewController.swift */ = {isa = PBXFileReference; fileEncoding = 4; lastKnownFileType = sourcecode.swift; path = DownloadViewController.swift; sourceTree = "<group>"; };
		A1D5978E1F4689D100C0F5B8 /* XMLParseKit.swift */ = {isa = PBXFileReference; fileEncoding = 4; lastKnownFileType = sourcecode.swift; path = XMLParseKit.swift; sourceTree = "<group>"; };
		A1D597901F46CD3F00C0F5B8 /* book.xml */ = {isa = PBXFileReference; fileEncoding = 4; lastKnownFileType = text.xml; path = book.xml; sourceTree = "<group>"; };
		A1DE045E1F21D06B000C5069 /* SegmentCell.swift */ = {isa = PBXFileReference; fileEncoding = 4; lastKnownFileType = sourcecode.swift; path = SegmentCell.swift; sourceTree = "<group>"; };
		A1DE045F1F21D06B000C5069 /* SegmentCell.xib */ = {isa = PBXFileReference; fileEncoding = 4; lastKnownFileType = file.xib; path = SegmentCell.xib; sourceTree = "<group>"; };
		A1E9BF911F5E808C005251C8 /* DownloadCell.swift */ = {isa = PBXFileReference; fileEncoding = 4; lastKnownFileType = sourcecode.swift; path = DownloadCell.swift; sourceTree = "<group>"; };
		A1E9BF921F5E808C005251C8 /* DownloadCell.xib */ = {isa = PBXFileReference; fileEncoding = 4; lastKnownFileType = file.xib; path = DownloadCell.xib; sourceTree = "<group>"; };
		A1ED124E1F56B53900FCD259 /* NetHelper.swift */ = {isa = PBXFileReference; fileEncoding = 4; lastKnownFileType = sourcecode.swift; path = NetHelper.swift; sourceTree = "<group>"; };
		AD2318461F814277002FA89B /* buttonBg2.png */ = {isa = PBXFileReference; lastKnownFileType = image.png; path = buttonBg2.png; sourceTree = "<group>"; };
		C6490A7AFFD96B531DE60339 /* Pods-Toolbox.release.xcconfig */ = {isa = PBXFileReference; includeInIndex = 1; lastKnownFileType = text.xcconfig; name = "Pods-Toolbox.release.xcconfig"; path = "Pods/Target Support Files/Pods-Toolbox/Pods-Toolbox.release.xcconfig"; sourceTree = "<group>"; };
		F082408167EDD359A7B14175 /* Pods_Toolbox.framework */ = {isa = PBXFileReference; explicitFileType = wrapper.framework; includeInIndex = 0; path = Pods_Toolbox.framework; sourceTree = BUILT_PRODUCTS_DIR; };
/* End PBXFileReference section */

/* Begin PBXFrameworksBuildPhase section */
		A1C1BD561F00A0AA002FC0E0 /* Frameworks */ = {
			isa = PBXFrameworksBuildPhase;
			buildActionMask = 2147483647;
			files = (
				A1B928DC1F4E71F600E45EBE /* WebKit.framework in Frameworks */,
				580FA73E81F8CBC9254CF0E4 /* Pods_Toolbox.framework in Frameworks */,
			);
			runOnlyForDeploymentPostprocessing = 0;
		};
		A1C1BD6A1F00A0AA002FC0E0 /* Frameworks */ = {
			isa = PBXFrameworksBuildPhase;
			buildActionMask = 2147483647;
			files = (
			);
			runOnlyForDeploymentPostprocessing = 0;
		};
		A1C1BD751F00A0AA002FC0E0 /* Frameworks */ = {
			isa = PBXFrameworksBuildPhase;
			buildActionMask = 2147483647;
			files = (
			);
			runOnlyForDeploymentPostprocessing = 0;
		};
/* End PBXFrameworksBuildPhase section */

/* Begin PBXGroup section */
		93535C53EAAEEF4DBA22601C /* Pods */ = {
			isa = PBXGroup;
			children = (
				656A95BFE95AA8238D58CD5C /* Pods-Toolbox.debug.xcconfig */,
				C6490A7AFFD96B531DE60339 /* Pods-Toolbox.release.xcconfig */,
			);
			name = Pods;
			sourceTree = "<group>";
		};
		A10648271F04C21E002D088C /* icon */ = {
			isa = PBXGroup;
			children = (
				A10648281F04C21E002D088C /* AppIcon-B2C29x29@2x~ipad.png */,
				A10648291F04C21E002D088C /* AppIcon-B2C29x29~ipad.png */,
				A106482A1F04C21E002D088C /* AppIcon-B2C40x40@2x~ipad.png */,
				A106482B1F04C21E002D088C /* AppIcon-B2C40x40~ipad.png */,
				A106482C1F04C21E002D088C /* AppIcon-B2C50x50@2x~ipad.png */,
				A106482D1F04C21E002D088C /* AppIcon-B2C50x50~ipad.png */,
				A106482E1F04C21E002D088C /* AppIcon-B2C72x72@2x~ipad.png */,
				A106482F1F04C21E002D088C /* AppIcon-B2C72x72~ipad.png */,
				A10648301F04C21E002D088C /* AppIcon-B2C76x76@2x~ipad.png */,
				A10648311F04C21E002D088C /* AppIcon-B2C76x76~ipad.png */,
				A10648321F04C21E002D088C /* Default-Landscape@2x~ipad.png */,
				A10648331F04C21E002D088C /* Default-Landscape~ipad.png */,
				A10648341F04C21E002D088C /* Default-Portrait@2x~ipad.png */,
				A10648351F04C21E002D088C /* Default-Portrait~ipad.png */,
			);
			name = icon;
			path = "1-icon";
			sourceTree = "<group>";
		};
		A136F11F1F13727000349572 /* db */ = {
			isa = PBXGroup;
			children = (
				A136F1201F1372BC00349572 /* UNZIPFile.swift */,
				A1B13AAF1F3982A10049250F /* FILESManager.swift */,
				A1D5978E1F4689D100C0F5B8 /* XMLParseKit.swift */,
				A13F7E891F4ABEC300ACA39C /* CoreDataKit.swift */,
				A136F11C1F1322DE00349572 /* Model.h */,
				A136F11D1F1322DE00349572 /* Model.m */,
				A13F7E861F4AA61C00ACA39C /* Model.xcdatamodeld */,
				A10A87341F4BD59F0089149F /* CoreDataModel+CoreDataClass.swift */,
				A10A87351F4BD59F0089149F /* CoreDataModel+CoreDataProperties.swift */,
				A15AF5091F53B51C00E57031 /* FMDB.h */,
				A15AF50A1F53B51C00E57031 /* FMDB.m */,
			);
			name = db;
			sourceTree = "<group>";
		};
		A181511D1F500CAE00A74779 /* img */ = {
			isa = PBXGroup;
			children = (
				A1C1BDA91F00FF85002FC0E0 /* downSleft.png */,
				A1C06BCD1F0A356400A29620 /* cancel.png */,
				A1BBCF4E1F2ACBFF007374B7 /* bookmarkOn.png */,
				A1C06BCE1F0A356400A29620 /* cancel@2x.png */,
				A1C1BDAA1F00FF85002FC0E0 /* downSleft@2x.png */,
				A1BBCF491F2ACBFF007374B7 /* bookmarkBtnIcon.png */,
				A1BBCF4A1F2ACBFF007374B7 /* bookmarkOff.png */,
				A1BBCF4B1F2ACBFF007374B7 /* bookmarkOff@2x.png */,
				A1BBCF4C1F2ACBFF007374B7 /* bookmarkOffHighlighted.png */,
				A18288C01F78F875001786D3 /* trash_icon.png */,
				A18288C11F78F875001786D3 /* trash_icon@2x.png */,
				A1BBCF4D1F2ACBFF007374B7 /* bookmarkOffHighlighted@2x.png */,
				A1BBCF4F1F2ACBFF007374B7 /* bookmarkOn@2x.png */,
				A1BBCF501F2ACBFF007374B7 /* bookmarkOnHighlighted.png */,
				A1BBCF511F2ACBFF007374B7 /* bookmarkOnHighlighted@2x.png */,
				A1C1BDAD1F0101E9002FC0E0 /* buttonBg.png */,
				AD2318461F814277002FA89B /* buttonBg2.png */,
				A1C06BD11F0A35AC00A29620 /* deleteBookmarkButton.png */,
				A1C06BD21F0A35AC00A29620 /* deleteBookmarkButton@2x.png */,
				A1C06BD31F0A35AC00A29620 /* deletePub.png */,
				A1C06BD41F0A35AC00A29620 /* deletePub@2x.png */,
				A1C06BD51F0A35AC00A29620 /* donwload_data_button.png */,
				A1C06BD61F0A35AC00A29620 /* download_data_button@2x.png */,
				A1BBCF5B1F2ACFDF007374B7 /* hash_row.png */,
				A1BBCF5C1F2ACFDF007374B7 /* hashout.png */,
				A1BBCF5D1F2ACFDF007374B7 /* hashout@2x.png */,
				A1BBCF5E1F2ACFDF007374B7 /* header_band.png */,
				A1BBCF5F1F2ACFDF007374B7 /* header_band@2x.png */,
				A10648271F04C21E002D088C /* icon */,
			);
			name = img;
			sourceTree = "<group>";
		};
		A1B3637B1F739A720049FB56 /* view */ = {
			isa = PBXGroup;
			children = (
				A1B3637C1F739ACD0049FB56 /* UpdateButton.swift */,
			);
			name = view;
			sourceTree = "<group>";
		};
		A1C1BD501F00A0AA002FC0E0 = {
			isa = PBXGroup;
			children = (
				A1C1BD5B1F00A0AA002FC0E0 /* Toolbox */,
				A1C1BD701F00A0AA002FC0E0 /* ToolboxTests */,
				A1C1BD7B1F00A0AA002FC0E0 /* ToolboxUITests */,
				A1C1BD5A1F00A0AA002FC0E0 /* Products */,
				93535C53EAAEEF4DBA22601C /* Pods */,
				B495764C74D6D6E244280D7C /* Frameworks */,
			);
			sourceTree = "<group>";
		};
		A1C1BD5A1F00A0AA002FC0E0 /* Products */ = {
			isa = PBXGroup;
			children = (
				A1C1BD591F00A0AA002FC0E0 /* Toolbox.app */,
				A1C1BD6D1F00A0AA002FC0E0 /* ToolboxTests.xctest */,
				A1C1BD781F00A0AA002FC0E0 /* ToolboxUITests.xctest */,
			);
			name = Products;
			sourceTree = "<group>";
		};
		A1C1BD5B1F00A0AA002FC0E0 /* Toolbox */ = {
			isa = PBXGroup;
			children = (
				A1B3637B1F739A720049FB56 /* view */,
				A1C1BD911F00A6E0002FC0E0 /* common */,
				A1C1BDA31F00EE6E002FC0E0 /* cell */,
				A1C1BD941F00AAA4002FC0E0 /* controller */,
				A1C1BDA81F00FF5B002FC0E0 /* source */,
				A1C1BD5C1F00A0AA002FC0E0 /* AppDelegate.swift */,
				A1C1BD5E1F00A0AA002FC0E0 /* ViewController.swift */,
				A1A19CA51F57DE08007BF3AD /* test.txt */,
				A1B7FB171F0F8912009D6CA9 /* apList.json */,
				A1D597901F46CD3F00C0F5B8 /* book.xml */,
				A1C1BD651F00A0AA002FC0E0 /* LaunchScreen.storyboard */,
			);
			path = Toolbox;
			sourceTree = "<group>";
		};
		A1C1BD701F00A0AA002FC0E0 /* ToolboxTests */ = {
			isa = PBXGroup;
			children = (
				A1C1BD711F00A0AA002FC0E0 /* ToolboxTests.swift */,
				A1C1BD731F00A0AA002FC0E0 /* Info.plist */,
			);
			path = ToolboxTests;
			sourceTree = "<group>";
		};
		A1C1BD7B1F00A0AA002FC0E0 /* ToolboxUITests */ = {
			isa = PBXGroup;
			children = (
				A1C1BD7C1F00A0AA002FC0E0 /* ToolboxUITests.swift */,
				A1C1BD7E1F00A0AA002FC0E0 /* Info.plist */,
			);
			path = ToolboxUITests;
			sourceTree = "<group>";
		};
		A1C1BD8A1F00A571002FC0E0 /* BaseController */ = {
			isa = PBXGroup;
			children = (
				A1C1BD8B1F00A5BB002FC0E0 /* BaseTabbarController.swift */,
				A1C1BD8D1F00A5E0002FC0E0 /* BaseViewController.swift */,
				A1C1BD8F1F00A61B002FC0E0 /* BaseNavigationController.swift */,
				A1C1AB0A1F037A9400C29333 /* BaseTableViewController.swift */,
				A1C1AB0C1F037D2900C29333 /* BaseViewControllerWithTable.swift */,
				A1C06BC91F0A2D2800A29620 /* PopViewController.swift */,
				A1C06BCA1F0A2D2800A29620 /* PopViewController.xib */,
			);
			name = BaseController;
			sourceTree = "<group>";
		};
		A1C1BD911F00A6E0002FC0E0 /* common */ = {
			isa = PBXGroup;
			children = (
				A1ED124D1F56B35C00FCD259 /* hud */,
				A136F11F1F13727000349572 /* db */,
				A1C1BD921F00A718002FC0E0 /* constant.swift */,
				A1B7A5F91F7200B9008412AD /* themeColor.swift */,
				A136F11B1F1322DD00349572 /* Toolbox-Bridging-Header.h */,
				A1ED124E1F56B53900FCD259 /* NetHelper.swift */,
				A1B4CFCA1F58EC91001AB279 /* DataSourceManager.swift */,
				A109A4361F74E9B400528B4F /* DS_Delegate.swift */,
			);
			name = common;
			sourceTree = "<group>";
		};
		A1C1BD941F00AAA4002FC0E0 /* controller */ = {
			isa = PBXGroup;
			children = (
				A1C1BD8A1F00A571002FC0E0 /* BaseController */,
				A1C1BD951F00AC18002FC0E0 /* AirplaneController.swift */,
				A1C1BD971F00AC5A002FC0E0 /* PublicationController.swift */,
				A1C1BD991F00AC77002FC0E0 /* TOCViewController.swift */,
				A1C1BD9B1F00ACA2002FC0E0 /* ViewerController.swift */,
				A1C1BD9D1F00ACB5002FC0E0 /* HistoryController.swift */,
				A1C1BD9F1F00ACC9002FC0E0 /* BookmarkController.swift */,
				A1C1BDA11F00ACE0002FC0E0 /* ManagerController.swift */,
				A1CA21841F3472CE0055BCB0 /* SetterViewController.swift */,
				A1CA21851F3472CE0055BCB0 /* SetterViewController.xib */,
				A18AD5F31F3D55B10065FF49 /* UnzipInfoViewController.swift */,
				A18AD5F41F3D55B10065FF49 /* UnzipInfoViewController.xib */,
				A16C1A591F3D9BE900D961C9 /* UpdateBookViewController.swift */,
				A16C1A5A1F3D9BE900D961C9 /* UpdateBookViewController.xib */,
				A1CAEA5D1F5E6C4400CE751B /* DownloadViewController.swift */,
				A170C6861F5FBB86008D2AC7 /* DownloadDetailViewController.swift */,
			);
			name = controller;
			sourceTree = "<group>";
		};
		A1C1BDA31F00EE6E002FC0E0 /* cell */ = {
			isa = PBXGroup;
			children = (
				A1C1BDA41F00EEB3002FC0E0 /* AirplaneCell.swift */,
				A1C1BDA51F00EEB3002FC0E0 /* AirplaneCell.xib */,
				A1A27F131F0207FC000CFBDE /* AirplaneSubCell.swift */,
				A1A27F141F0207FC000CFBDE /* AirplaneSubCell.xib */,
				A15580201F05E89D008C1787 /* PublicationCell.swift */,
				A15580211F05E89E008C1787 /* PublicationCell.xib */,
				A1DE045E1F21D06B000C5069 /* SegmentCell.swift */,
				A1DE045F1F21D06B000C5069 /* SegmentCell.xib */,
				A12AF8DF1F063D0300FC7AD3 /* ManagerCell.swift */,
				A12AF8E01F063D0300FC7AD3 /* ManagerCell.xib */,
				A12AF8E31F063D2600FC7AD3 /* ManagerDetailCell.swift */,
				A12AF8E41F063D2600FC7AD3 /* ManagerDetailCell.xib */,
				A1B71D061F0B36570054CA04 /* BookmarksCell.swift */,
				A1B71D071F0B36570054CA04 /* BookmarksCell.xib */,
				A1E9BF911F5E808C005251C8 /* DownloadCell.swift */,
				A1E9BF921F5E808C005251C8 /* DownloadCell.xib */,
			);
			name = cell;
			sourceTree = "<group>";
		};
		A1C1BDA81F00FF5B002FC0E0 /* source */ = {
			isa = PBXGroup;
			children = (
				A181511E1F500D2E00A74779 /* ajax_handler.js */,
				A1C1BD631F00A0AA002FC0E0 /* Assets.xcassets */,
				A1C1BD681F00A0AA002FC0E0 /* Info.plist */,
				A11058221F5540B700B0D283 /* Settings.bundle */,
				A181511D1F500CAE00A74779 /* img */,
			);
			name = source;
			sourceTree = "<group>";
		};
		A1ED124D1F56B35C00FCD259 /* hud */ = {
			isa = PBXGroup;
			children = (
				A17792661F2F3771009782F6 /* HUD.swift */,
				A17C81031F30589400EF8B9D /* error.png */,
				A17C81041F30589400EF8B9D /* error@2x.png */,
				A17C81051F30589400EF8B9D /* success.png */,
				A17C81061F30589400EF8B9D /* success@2x.png */,
			);
			name = hud;
			sourceTree = "<group>";
		};
		B495764C74D6D6E244280D7C /* Frameworks */ = {
			isa = PBXGroup;
			children = (
				A1B928DB1F4E71F600E45EBE /* WebKit.framework */,
				F082408167EDD359A7B14175 /* Pods_Toolbox.framework */,
			);
			name = Frameworks;
			sourceTree = "<group>";
		};
/* End PBXGroup section */

/* Begin PBXNativeTarget section */
		A1C1BD581F00A0AA002FC0E0 /* Toolbox */ = {
			isa = PBXNativeTarget;
			buildConfigurationList = A1C1BD811F00A0AA002FC0E0 /* Build configuration list for PBXNativeTarget "Toolbox" */;
			buildPhases = (
				49C521E94E67C7D0F0EA11C6 /* [CP] Check Pods Manifest.lock */,
				A1C1BD551F00A0AA002FC0E0 /* Sources */,
				A1C1BD561F00A0AA002FC0E0 /* Frameworks */,
				A1C1BD571F00A0AA002FC0E0 /* Resources */,
				D0D8AF1C90C3854FFF90D4F0 /* [CP] Embed Pods Frameworks */,
				9BB4C3DC92B6CB58D44AE16C /* [CP] Copy Pods Resources */,
			);
			buildRules = (
			);
			dependencies = (
			);
			name = Toolbox;
			productName = Toolbox;
			productReference = A1C1BD591F00A0AA002FC0E0 /* Toolbox.app */;
			productType = "com.apple.product-type.application";
		};
		A1C1BD6C1F00A0AA002FC0E0 /* ToolboxTests */ = {
			isa = PBXNativeTarget;
			buildConfigurationList = A1C1BD841F00A0AA002FC0E0 /* Build configuration list for PBXNativeTarget "ToolboxTests" */;
			buildPhases = (
				A1C1BD691F00A0AA002FC0E0 /* Sources */,
				A1C1BD6A1F00A0AA002FC0E0 /* Frameworks */,
				A1C1BD6B1F00A0AA002FC0E0 /* Resources */,
			);
			buildRules = (
			);
			dependencies = (
				A1C1BD6F1F00A0AA002FC0E0 /* PBXTargetDependency */,
			);
			name = ToolboxTests;
			productName = ToolboxTests;
			productReference = A1C1BD6D1F00A0AA002FC0E0 /* ToolboxTests.xctest */;
			productType = "com.apple.product-type.bundle.unit-test";
		};
		A1C1BD771F00A0AA002FC0E0 /* ToolboxUITests */ = {
			isa = PBXNativeTarget;
			buildConfigurationList = A1C1BD871F00A0AA002FC0E0 /* Build configuration list for PBXNativeTarget "ToolboxUITests" */;
			buildPhases = (
				A1C1BD741F00A0AA002FC0E0 /* Sources */,
				A1C1BD751F00A0AA002FC0E0 /* Frameworks */,
				A1C1BD761F00A0AA002FC0E0 /* Resources */,
			);
			buildRules = (
			);
			dependencies = (
				A1C1BD7A1F00A0AA002FC0E0 /* PBXTargetDependency */,
			);
			name = ToolboxUITests;
			productName = ToolboxUITests;
			productReference = A1C1BD781F00A0AA002FC0E0 /* ToolboxUITests.xctest */;
			productType = "com.apple.product-type.bundle.ui-testing";
		};
/* End PBXNativeTarget section */

/* Begin PBXProject section */
		A1C1BD511F00A0AA002FC0E0 /* Project object */ = {
			isa = PBXProject;
			attributes = {
				LastSwiftUpdateCheck = 0800;
				LastUpgradeCheck = 0800;
				ORGANIZATIONNAME = Light;
				TargetAttributes = {
					A1C1BD581F00A0AA002FC0E0 = {
						CreatedOnToolsVersion = 8.0;
						DevelopmentTeam = 8R29X3H9MY;
						LastSwiftMigration = 0800;
						ProvisioningStyle = Automatic;
					};
					A1C1BD6C1F00A0AA002FC0E0 = {
						CreatedOnToolsVersion = 8.0;
						DevelopmentTeam = 8R29X3H9MY;
						ProvisioningStyle = Automatic;
						TestTargetID = A1C1BD581F00A0AA002FC0E0;
					};
					A1C1BD771F00A0AA002FC0E0 = {
						CreatedOnToolsVersion = 8.0;
						DevelopmentTeam = 8R29X3H9MY;
						ProvisioningStyle = Automatic;
						TestTargetID = A1C1BD581F00A0AA002FC0E0;
					};
				};
			};
			buildConfigurationList = A1C1BD541F00A0AA002FC0E0 /* Build configuration list for PBXProject "Toolbox" */;
			compatibilityVersion = "Xcode 3.2";
			developmentRegion = English;
			hasScannedForEncodings = 0;
			knownRegions = (
				en,
				Base,
			);
			mainGroup = A1C1BD501F00A0AA002FC0E0;
			productRefGroup = A1C1BD5A1F00A0AA002FC0E0 /* Products */;
			projectDirPath = "";
			projectRoot = "";
			targets = (
				A1C1BD581F00A0AA002FC0E0 /* Toolbox */,
				A1C1BD6C1F00A0AA002FC0E0 /* ToolboxTests */,
				A1C1BD771F00A0AA002FC0E0 /* ToolboxUITests */,
			);
		};
/* End PBXProject section */

/* Begin PBXResourcesBuildPhase section */
		A1C1BD571F00A0AA002FC0E0 /* Resources */ = {
			isa = PBXResourcesBuildPhase;
			buildActionMask = 2147483647;
			files = (
				A1C06BD71F0A35AC00A29620 /* deleteBookmarkButton.png in Resources */,
				A1C06BD81F0A35AC00A29620 /* deleteBookmarkButton@2x.png in Resources */,
				A17C81081F30589400EF8B9D /* error@2x.png in Resources */,
				A1BBCF541F2ACBFF007374B7 /* bookmarkOff@2x.png in Resources */,
				A1A19CA61F57DE08007BF3AD /* test.txt in Resources */,
				A106483D1F04C21E002D088C /* AppIcon-B2C72x72~ipad.png in Resources */,
				A1BBCF631F2ACFDF007374B7 /* header_band.png in Resources */,
				A1B71D091F0B36570054CA04 /* BookmarksCell.xib in Resources */,
				A1BBCF591F2ACBFF007374B7 /* bookmarkOnHighlighted.png in Resources */,
				A1C06BD01F0A356400A29620 /* cancel@2x.png in Resources */,
				A106483F1F04C21E002D088C /* AppIcon-B2C76x76~ipad.png in Resources */,
				A17C81071F30589400EF8B9D /* error.png in Resources */,
				A1A27F161F0207FC000CFBDE /* AirplaneSubCell.xib in Resources */,
				A1BBCF611F2ACFDF007374B7 /* hashout.png in Resources */,
				A1BBCF641F2ACFDF007374B7 /* header_band@2x.png in Resources */,
				A1BBCF601F2ACFDF007374B7 /* hash_row.png in Resources */,
				A18288C21F78F875001786D3 /* trash_icon.png in Resources */,
				A106483A1F04C21E002D088C /* AppIcon-B2C50x50@2x~ipad.png in Resources */,
				A12AF8E61F063D2600FC7AD3 /* ManagerDetailCell.xib in Resources */,
				A1BBCF531F2ACBFF007374B7 /* bookmarkOff.png in Resources */,
				A1BBCF5A1F2ACBFF007374B7 /* bookmarkOnHighlighted@2x.png in Resources */,
				A1BBCF621F2ACFDF007374B7 /* hashout@2x.png in Resources */,
				AD2318471F814277002FA89B /* buttonBg2.png in Resources */,
				A181511F1F500D2E00A74779 /* ajax_handler.js in Resources */,
				A15580231F05E89E008C1787 /* PublicationCell.xib in Resources */,
				A18288C31F78F875001786D3 /* trash_icon@2x.png in Resources */,
				A16C1A5C1F3D9BE900D961C9 /* UpdateBookViewController.xib in Resources */,
				A1BBCF581F2ACBFF007374B7 /* bookmarkOn@2x.png in Resources */,
				A10648391F04C21E002D088C /* AppIcon-B2C40x40~ipad.png in Resources */,
				A1C06BD91F0A35AC00A29620 /* deletePub.png in Resources */,
				A10648401F04C21E002D088C /* Default-Landscape@2x~ipad.png in Resources */,
				A17C81091F30589400EF8B9D /* success.png in Resources */,
				A17C810A1F30589400EF8B9D /* success@2x.png in Resources */,
				A106483C1F04C21E002D088C /* AppIcon-B2C72x72@2x~ipad.png in Resources */,
				A1C06BDA1F0A35AC00A29620 /* deletePub@2x.png in Resources */,
				A1CA21871F3472CE0055BCB0 /* SetterViewController.xib in Resources */,
				A106483E1F04C21E002D088C /* AppIcon-B2C76x76@2x~ipad.png in Resources */,
				A10648361F04C21E002D088C /* AppIcon-B2C29x29@2x~ipad.png in Resources */,
				A1BBCF521F2ACBFF007374B7 /* bookmarkBtnIcon.png in Resources */,
				A1D597911F46CD3F00C0F5B8 /* book.xml in Resources */,
				A10648411F04C21E002D088C /* Default-Landscape~ipad.png in Resources */,
				A1C06BDC1F0A35AC00A29620 /* download_data_button@2x.png in Resources */,
				A1BBCF571F2ACBFF007374B7 /* bookmarkOn.png in Resources */,
				A1B7FB181F0F8912009D6CA9 /* apList.json in Resources */,
				A1BBCF561F2ACBFF007374B7 /* bookmarkOffHighlighted@2x.png in Resources */,
				A1BBCF551F2ACBFF007374B7 /* bookmarkOffHighlighted.png in Resources */,
				A18AD5F61F3D55B20065FF49 /* UnzipInfoViewController.xib in Resources */,
				A12AF8E21F063D0300FC7AD3 /* ManagerCell.xib in Resources */,
				A1C1BDAE1F0101E9002FC0E0 /* buttonBg.png in Resources */,
				A1C1BD671F00A0AA002FC0E0 /* LaunchScreen.storyboard in Resources */,
				A10648371F04C21E002D088C /* AppIcon-B2C29x29~ipad.png in Resources */,
				A106483B1F04C21E002D088C /* AppIcon-B2C50x50~ipad.png in Resources */,
				A1C1BD641F00A0AA002FC0E0 /* Assets.xcassets in Resources */,
				A1C06BDB1F0A35AC00A29620 /* donwload_data_button.png in Resources */,
				A1C06BCC1F0A2D2800A29620 /* PopViewController.xib in Resources */,
				A1C1BDAB1F00FF85002FC0E0 /* downSleft.png in Resources */,
				A11058231F5540B900B0D283 /* Settings.bundle in Resources */,
				A10648421F04C21E002D088C /* Default-Portrait@2x~ipad.png in Resources */,
				A1E9BF941F5E808C005251C8 /* DownloadCell.xib in Resources */,
				A1C06BCF1F0A356400A29620 /* cancel.png in Resources */,
				A10648431F04C21E002D088C /* Default-Portrait~ipad.png in Resources */,
				A10648381F04C21E002D088C /* AppIcon-B2C40x40@2x~ipad.png in Resources */,
				A1DE04611F21D06B000C5069 /* SegmentCell.xib in Resources */,
				A1C1BDA71F00EEB3002FC0E0 /* AirplaneCell.xib in Resources */,
				A1C1BDAC1F00FF85002FC0E0 /* downSleft@2x.png in Resources */,
			);
			runOnlyForDeploymentPostprocessing = 0;
		};
		A1C1BD6B1F00A0AA002FC0E0 /* Resources */ = {
			isa = PBXResourcesBuildPhase;
			buildActionMask = 2147483647;
			files = (
			);
			runOnlyForDeploymentPostprocessing = 0;
		};
		A1C1BD761F00A0AA002FC0E0 /* Resources */ = {
			isa = PBXResourcesBuildPhase;
			buildActionMask = 2147483647;
			files = (
			);
			runOnlyForDeploymentPostprocessing = 0;
		};
/* End PBXResourcesBuildPhase section */

/* Begin PBXShellScriptBuildPhase section */
		49C521E94E67C7D0F0EA11C6 /* [CP] Check Pods Manifest.lock */ = {
			isa = PBXShellScriptBuildPhase;
			buildActionMask = 2147483647;
			files = (
			);
			inputPaths = (
			);
			name = "[CP] Check Pods Manifest.lock";
			outputPaths = (
			);
			runOnlyForDeploymentPostprocessing = 0;
			shellPath = /bin/sh;
			shellScript = "diff \"${PODS_ROOT}/../Podfile.lock\" \"${PODS_ROOT}/Manifest.lock\" > /dev/null\nif [[ $? != 0 ]] ; then\n    cat << EOM\nerror: The sandbox is not in sync with the Podfile.lock. Run 'pod install' or update your CocoaPods installation.\nEOM\n    exit 1\nfi\n";
			showEnvVarsInLog = 0;
		};
		9BB4C3DC92B6CB58D44AE16C /* [CP] Copy Pods Resources */ = {
			isa = PBXShellScriptBuildPhase;
			buildActionMask = 2147483647;
			files = (
			);
			inputPaths = (
			);
			name = "[CP] Copy Pods Resources";
			outputPaths = (
			);
			runOnlyForDeploymentPostprocessing = 0;
			shellPath = /bin/sh;
			shellScript = "\"${SRCROOT}/Pods/Target Support Files/Pods-Toolbox/Pods-Toolbox-resources.sh\"\n";
			showEnvVarsInLog = 0;
		};
		D0D8AF1C90C3854FFF90D4F0 /* [CP] Embed Pods Frameworks */ = {
			isa = PBXShellScriptBuildPhase;
			buildActionMask = 2147483647;
			files = (
			);
			inputPaths = (
			);
			name = "[CP] Embed Pods Frameworks";
			outputPaths = (
			);
			runOnlyForDeploymentPostprocessing = 0;
			shellPath = /bin/sh;
			shellScript = "\"${SRCROOT}/Pods/Target Support Files/Pods-Toolbox/Pods-Toolbox-frameworks.sh\"\n";
			showEnvVarsInLog = 0;
		};
/* End PBXShellScriptBuildPhase section */

/* Begin PBXSourcesBuildPhase section */
		A1C1BD551F00A0AA002FC0E0 /* Sources */ = {
			isa = PBXSourcesBuildPhase;
			buildActionMask = 2147483647;
			files = (
				A18AD5F51F3D55B20065FF49 /* UnzipInfoViewController.swift in Sources */,
				A1B3637D1F739ACD0049FB56 /* UpdateButton.swift in Sources */,
				A12AF8E11F063D0300FC7AD3 /* ManagerCell.swift in Sources */,
				A1C06BCB1F0A2D2800A29620 /* PopViewController.swift in Sources */,
				A1C1AB0D1F037D2900C29333 /* BaseViewControllerWithTable.swift in Sources */,
				A16C1A5B1F3D9BE900D961C9 /* UpdateBookViewController.swift in Sources */,
				A136F11E1F1322DE00349572 /* Model.m in Sources */,
				A1B71D081F0B36570054CA04 /* BookmarksCell.swift in Sources */,
				A1CAEA5E1F5E6C4500CE751B /* DownloadViewController.swift in Sources */,
				A1C1BD5F1F00A0AA002FC0E0 /* ViewController.swift in Sources */,
				A1B7A5FA1F7200B9008412AD /* themeColor.swift in Sources */,
				A1C1BD931F00A718002FC0E0 /* constant.swift in Sources */,
				A17792671F2F3771009782F6 /* HUD.swift in Sources */,
				A1C1BD8E1F00A5E0002FC0E0 /* BaseViewController.swift in Sources */,
				A1C1BD9C1F00ACA2002FC0E0 /* ViewerController.swift in Sources */,
				A1E9BF931F5E808C005251C8 /* DownloadCell.swift in Sources */,
				A1C1BDA21F00ACE0002FC0E0 /* ManagerController.swift in Sources */,
				A10A87371F4BD59F0089149F /* CoreDataModel+CoreDataProperties.swift in Sources */,
				A1C1BD9A1F00AC77002FC0E0 /* TOCViewController.swift in Sources */,
				A1A27F151F0207FC000CFBDE /* AirplaneSubCell.swift in Sources */,
				A15580221F05E89E008C1787 /* PublicationCell.swift in Sources */,
				A1ED124F1F56B53900FCD259 /* NetHelper.swift in Sources */,
				A1C1BDA01F00ACC9002FC0E0 /* BookmarkController.swift in Sources */,
				A1C1BD5D1F00A0AA002FC0E0 /* AppDelegate.swift in Sources */,
				A1DE04601F21D06B000C5069 /* SegmentCell.swift in Sources */,
				A109A4371F74E9B400528B4F /* DS_Delegate.swift in Sources */,
				A12AF8E51F063D2600FC7AD3 /* ManagerDetailCell.swift in Sources */,
				A1B4CFCB1F58EC91001AB279 /* DataSourceManager.swift in Sources */,
				A1C1BD981F00AC5A002FC0E0 /* PublicationController.swift in Sources */,
				A170C6871F5FBB86008D2AC7 /* DownloadDetailViewController.swift in Sources */,
				A15AF50B1F53B51D00E57031 /* FMDB.m in Sources */,
				A1C1AB0B1F037A9400C29333 /* BaseTableViewController.swift in Sources */,
				A13F7E8A1F4ABEC400ACA39C /* CoreDataKit.swift in Sources */,
				A1C1BD961F00AC18002FC0E0 /* AirplaneController.swift in Sources */,
				A10A87361F4BD59F0089149F /* CoreDataModel+CoreDataClass.swift in Sources */,
				A136F1211F1372BC00349572 /* UNZIPFile.swift in Sources */,
				A1C1BD9E1F00ACB5002FC0E0 /* HistoryController.swift in Sources */,
				A1CA21861F3472CE0055BCB0 /* SetterViewController.swift in Sources */,
				A1B13AB01F3982A10049250F /* FILESManager.swift in Sources */,
				A13F7E881F4AA61C00ACA39C /* Model.xcdatamodeld in Sources */,
				A1C1BDA61F00EEB3002FC0E0 /* AirplaneCell.swift in Sources */,
				A1D5978F1F4689D100C0F5B8 /* XMLParseKit.swift in Sources */,
				A1C1BD901F00A61B002FC0E0 /* BaseNavigationController.swift in Sources */,
				A1C1BD8C1F00A5BB002FC0E0 /* BaseTabbarController.swift in Sources */,
			);
			runOnlyForDeploymentPostprocessing = 0;
		};
		A1C1BD691F00A0AA002FC0E0 /* Sources */ = {
			isa = PBXSourcesBuildPhase;
			buildActionMask = 2147483647;
			files = (
				A1C1BD721F00A0AA002FC0E0 /* ToolboxTests.swift in Sources */,
			);
			runOnlyForDeploymentPostprocessing = 0;
		};
		A1C1BD741F00A0AA002FC0E0 /* Sources */ = {
			isa = PBXSourcesBuildPhase;
			buildActionMask = 2147483647;
			files = (
				A1C1BD7D1F00A0AA002FC0E0 /* ToolboxUITests.swift in Sources */,
			);
			runOnlyForDeploymentPostprocessing = 0;
		};
/* End PBXSourcesBuildPhase section */

/* Begin PBXTargetDependency section */
		A1C1BD6F1F00A0AA002FC0E0 /* PBXTargetDependency */ = {
			isa = PBXTargetDependency;
			target = A1C1BD581F00A0AA002FC0E0 /* Toolbox */;
			targetProxy = A1C1BD6E1F00A0AA002FC0E0 /* PBXContainerItemProxy */;
		};
		A1C1BD7A1F00A0AA002FC0E0 /* PBXTargetDependency */ = {
			isa = PBXTargetDependency;
			target = A1C1BD581F00A0AA002FC0E0 /* Toolbox */;
			targetProxy = A1C1BD791F00A0AA002FC0E0 /* PBXContainerItemProxy */;
		};
/* End PBXTargetDependency section */

/* Begin PBXVariantGroup section */
		A1C1BD651F00A0AA002FC0E0 /* LaunchScreen.storyboard */ = {
			isa = PBXVariantGroup;
			children = (
				A1C1BD661F00A0AA002FC0E0 /* Base */,
			);
			name = LaunchScreen.storyboard;
			sourceTree = "<group>";
		};
/* End PBXVariantGroup section */

/* Begin XCBuildConfiguration section */
		A1C1BD7F1F00A0AA002FC0E0 /* Debug */ = {
			isa = XCBuildConfiguration;
			buildSettings = {
				ALWAYS_SEARCH_USER_PATHS = NO;
				CLANG_ANALYZER_NONNULL = YES;
				CLANG_CXX_LANGUAGE_STANDARD = "gnu++0x";
				CLANG_CXX_LIBRARY = "libc++";
				CLANG_ENABLE_MODULES = YES;
				CLANG_ENABLE_OBJC_ARC = YES;
				CLANG_WARN_BOOL_CONVERSION = YES;
				CLANG_WARN_CONSTANT_CONVERSION = YES;
				CLANG_WARN_DIRECT_OBJC_ISA_USAGE = YES_ERROR;
				CLANG_WARN_DOCUMENTATION_COMMENTS = YES;
				CLANG_WARN_EMPTY_BODY = YES;
				CLANG_WARN_ENUM_CONVERSION = YES;
				CLANG_WARN_INFINITE_RECURSION = YES;
				CLANG_WARN_INT_CONVERSION = YES;
				CLANG_WARN_OBJC_ROOT_CLASS = YES_ERROR;
				CLANG_WARN_SUSPICIOUS_MOVES = YES;
				CLANG_WARN_UNREACHABLE_CODE = YES;
				CLANG_WARN__DUPLICATE_METHOD_MATCH = YES;
				"CODE_SIGN_IDENTITY[sdk=iphoneos*]" = "iPhone Developer";
				COPY_PHASE_STRIP = NO;
				DEBUG_INFORMATION_FORMAT = dwarf;
				ENABLE_STRICT_OBJC_MSGSEND = YES;
				ENABLE_TESTABILITY = YES;
				GCC_C_LANGUAGE_STANDARD = gnu99;
				GCC_DYNAMIC_NO_PIC = NO;
				GCC_NO_COMMON_BLOCKS = YES;
				GCC_OPTIMIZATION_LEVEL = 0;
				GCC_PREPROCESSOR_DEFINITIONS = (
					"DEBUG=1",
					"$(inherited)",
				);
				GCC_WARN_64_TO_32_BIT_CONVERSION = YES;
				GCC_WARN_ABOUT_RETURN_TYPE = YES_ERROR;
				GCC_WARN_UNDECLARED_SELECTOR = YES;
				GCC_WARN_UNINITIALIZED_AUTOS = YES_AGGRESSIVE;
				GCC_WARN_UNUSED_FUNCTION = YES;
				GCC_WARN_UNUSED_VARIABLE = YES;
				IPHONEOS_DEPLOYMENT_TARGET = 9.0;
				MTL_ENABLE_DEBUG_INFO = YES;
				ONLY_ACTIVE_ARCH = YES;
				SDKROOT = iphoneos;
				SWIFT_ACTIVE_COMPILATION_CONDITIONS = DEBUG;
				SWIFT_OPTIMIZATION_LEVEL = "-Onone";
				TARGETED_DEVICE_FAMILY = "1,2";
			};
			name = Debug;
		};
		A1C1BD801F00A0AA002FC0E0 /* Release */ = {
			isa = XCBuildConfiguration;
			buildSettings = {
				ALWAYS_SEARCH_USER_PATHS = NO;
				CLANG_ANALYZER_NONNULL = YES;
				CLANG_CXX_LANGUAGE_STANDARD = "gnu++0x";
				CLANG_CXX_LIBRARY = "libc++";
				CLANG_ENABLE_MODULES = YES;
				CLANG_ENABLE_OBJC_ARC = YES;
				CLANG_WARN_BOOL_CONVERSION = YES;
				CLANG_WARN_CONSTANT_CONVERSION = YES;
				CLANG_WARN_DIRECT_OBJC_ISA_USAGE = YES_ERROR;
				CLANG_WARN_DOCUMENTATION_COMMENTS = YES;
				CLANG_WARN_EMPTY_BODY = YES;
				CLANG_WARN_ENUM_CONVERSION = YES;
				CLANG_WARN_INFINITE_RECURSION = YES;
				CLANG_WARN_INT_CONVERSION = YES;
				CLANG_WARN_OBJC_ROOT_CLASS = YES_ERROR;
				CLANG_WARN_SUSPICIOUS_MOVES = YES;
				CLANG_WARN_UNREACHABLE_CODE = YES;
				CLANG_WARN__DUPLICATE_METHOD_MATCH = YES;
				"CODE_SIGN_IDENTITY[sdk=iphoneos*]" = "iPhone Developer";
				COPY_PHASE_STRIP = NO;
				DEBUG_INFORMATION_FORMAT = "dwarf-with-dsym";
				ENABLE_NS_ASSERTIONS = NO;
				ENABLE_STRICT_OBJC_MSGSEND = YES;
				GCC_C_LANGUAGE_STANDARD = gnu99;
				GCC_NO_COMMON_BLOCKS = YES;
				GCC_WARN_64_TO_32_BIT_CONVERSION = YES;
				GCC_WARN_ABOUT_RETURN_TYPE = YES_ERROR;
				GCC_WARN_UNDECLARED_SELECTOR = YES;
				GCC_WARN_UNINITIALIZED_AUTOS = YES_AGGRESSIVE;
				GCC_WARN_UNUSED_FUNCTION = YES;
				GCC_WARN_UNUSED_VARIABLE = YES;
				IPHONEOS_DEPLOYMENT_TARGET = 9.0;
				MTL_ENABLE_DEBUG_INFO = NO;
				SDKROOT = iphoneos;
				SWIFT_OPTIMIZATION_LEVEL = "-Owholemodule";
				TARGETED_DEVICE_FAMILY = "1,2";
				VALIDATE_PRODUCT = YES;
			};
			name = Release;
		};
		A1C1BD821F00A0AA002FC0E0 /* Debug */ = {
			isa = XCBuildConfiguration;
			baseConfigurationReference = 656A95BFE95AA8238D58CD5C /* Pods-Toolbox.debug.xcconfig */;
			buildSettings = {
				ASSETCATALOG_COMPILER_APPICON_NAME = AppIcon;
				ASSETCATALOG_COMPILER_LAUNCHIMAGE_NAME = LaunchImage;
				CLANG_ENABLE_MODULES = YES;
				CODE_SIGN_IDENTITY = "iPhone Developer";
				"CODE_SIGN_IDENTITY[sdk=iphoneos*]" = "iPhone Developer";
				DEVELOPMENT_TEAM = 8R29X3H9MY;
				INFOPLIST_FILE = Toolbox/Info.plist;
				IPHONEOS_DEPLOYMENT_TARGET = 9.0;
				LD_RUNPATH_SEARCH_PATHS = "$(inherited) @executable_path/Frameworks";
				PRODUCT_BUNDLE_IDENTIFIER = "com.gener-tech.ToolBox";
				PRODUCT_NAME = "$(TARGET_NAME)";
				PROVISIONING_PROFILE = "";
				PROVISIONING_PROFILE_SPECIFIER = "";
				SWIFT_OBJC_BRIDGING_HEADER = "Toolbox/Toolbox-Bridging-Header.h";
				SWIFT_OPTIMIZATION_LEVEL = "-Onone";
				SWIFT_VERSION = 3.0;
				TARGETED_DEVICE_FAMILY = 2;
			};
			name = Debug;
		};
		A1C1BD831F00A0AA002FC0E0 /* Release */ = {
			isa = XCBuildConfiguration;
			baseConfigurationReference = C6490A7AFFD96B531DE60339 /* Pods-Toolbox.release.xcconfig */;
			buildSettings = {
				ASSETCATALOG_COMPILER_APPICON_NAME = AppIcon;
				ASSETCATALOG_COMPILER_LAUNCHIMAGE_NAME = LaunchImage;
				CLANG_ENABLE_MODULES = YES;
				"CODE_SIGN_IDENTITY[sdk=iphoneos*]" = "iPhone Developer";
				DEVELOPMENT_TEAM = 8R29X3H9MY;
				INFOPLIST_FILE = Toolbox/Info.plist;
				IPHONEOS_DEPLOYMENT_TARGET = 9.0;
				LD_RUNPATH_SEARCH_PATHS = "$(inherited) @executable_path/Frameworks";
				PRODUCT_BUNDLE_IDENTIFIER = "com.gener-tech.ToolBox";
				PRODUCT_NAME = "$(TARGET_NAME)";
				PROVISIONING_PROFILE = "";
				PROVISIONING_PROFILE_SPECIFIER = "";
				SWIFT_OBJC_BRIDGING_HEADER = "Toolbox/Toolbox-Bridging-Header.h";
				SWIFT_VERSION = 3.0;
				TARGETED_DEVICE_FAMILY = 2;
			};
			name = Release;
		};
		A1C1BD851F00A0AA002FC0E0 /* Debug */ = {
			isa = XCBuildConfiguration;
			buildSettings = {
				ALWAYS_EMBED_SWIFT_STANDARD_LIBRARIES = YES;
				BUNDLE_LOADER = "$(TEST_HOST)";
				DEVELOPMENT_TEAM = 8R29X3H9MY;
				INFOPLIST_FILE = ToolboxTests/Info.plist;
				LD_RUNPATH_SEARCH_PATHS = "$(inherited) @executable_path/Frameworks @loader_path/Frameworks";
				PRODUCT_BUNDLE_IDENTIFIER = "com.gener-tech.ToolboxTests";
				PRODUCT_NAME = "$(TARGET_NAME)";
				SWIFT_VERSION = 3.0;
				TEST_HOST = "$(BUILT_PRODUCTS_DIR)/Toolbox.app/Toolbox";
			};
			name = Debug;
		};
		A1C1BD861F00A0AA002FC0E0 /* Release */ = {
			isa = XCBuildConfiguration;
			buildSettings = {
				ALWAYS_EMBED_SWIFT_STANDARD_LIBRARIES = YES;
				BUNDLE_LOADER = "$(TEST_HOST)";
				DEVELOPMENT_TEAM = 8R29X3H9MY;
				INFOPLIST_FILE = ToolboxTests/Info.plist;
				LD_RUNPATH_SEARCH_PATHS = "$(inherited) @executable_path/Frameworks @loader_path/Frameworks";
				PRODUCT_BUNDLE_IDENTIFIER = "com.gener-tech.ToolboxTests";
				PRODUCT_NAME = "$(TARGET_NAME)";
				SWIFT_VERSION = 3.0;
				TEST_HOST = "$(BUILT_PRODUCTS_DIR)/Toolbox.app/Toolbox";
			};
			name = Release;
		};
		A1C1BD881F00A0AA002FC0E0 /* Debug */ = {
			isa = XCBuildConfiguration;
			buildSettings = {
				ALWAYS_EMBED_SWIFT_STANDARD_LIBRARIES = YES;
				DEVELOPMENT_TEAM = 8R29X3H9MY;
				INFOPLIST_FILE = ToolboxUITests/Info.plist;
				LD_RUNPATH_SEARCH_PATHS = "$(inherited) @executable_path/Frameworks @loader_path/Frameworks";
				PRODUCT_BUNDLE_IDENTIFIER = "com.gener-tech.ToolboxUITests";
				PRODUCT_NAME = "$(TARGET_NAME)";
				SWIFT_VERSION = 3.0;
				TEST_TARGET_NAME = Toolbox;
			};
			name = Debug;
		};
		A1C1BD891F00A0AA002FC0E0 /* Release */ = {
			isa = XCBuildConfiguration;
			buildSettings = {
				ALWAYS_EMBED_SWIFT_STANDARD_LIBRARIES = YES;
				DEVELOPMENT_TEAM = 8R29X3H9MY;
				INFOPLIST_FILE = ToolboxUITests/Info.plist;
				LD_RUNPATH_SEARCH_PATHS = "$(inherited) @executable_path/Frameworks @loader_path/Frameworks";
				PRODUCT_BUNDLE_IDENTIFIER = "com.gener-tech.ToolboxUITests";
				PRODUCT_NAME = "$(TARGET_NAME)";
				SWIFT_VERSION = 3.0;
				TEST_TARGET_NAME = Toolbox;
			};
			name = Release;
		};
/* End XCBuildConfiguration section */

/* Begin XCConfigurationList section */
		A1C1BD541F00A0AA002FC0E0 /* Build configuration list for PBXProject "Toolbox" */ = {
			isa = XCConfigurationList;
			buildConfigurations = (
				A1C1BD7F1F00A0AA002FC0E0 /* Debug */,
				A1C1BD801F00A0AA002FC0E0 /* Release */,
			);
			defaultConfigurationIsVisible = 0;
			defaultConfigurationName = Release;
		};
		A1C1BD811F00A0AA002FC0E0 /* Build configuration list for PBXNativeTarget "Toolbox" */ = {
			isa = XCConfigurationList;
			buildConfigurations = (
				A1C1BD821F00A0AA002FC0E0 /* Debug */,
				A1C1BD831F00A0AA002FC0E0 /* Release */,
			);
			defaultConfigurationIsVisible = 0;
			defaultConfigurationName = Release;
		};
		A1C1BD841F00A0AA002FC0E0 /* Build configuration list for PBXNativeTarget "ToolboxTests" */ = {
			isa = XCConfigurationList;
			buildConfigurations = (
				A1C1BD851F00A0AA002FC0E0 /* Debug */,
				A1C1BD861F00A0AA002FC0E0 /* Release */,
			);
			defaultConfigurationIsVisible = 0;
			defaultConfigurationName = Release;
		};
		A1C1BD871F00A0AA002FC0E0 /* Build configuration list for PBXNativeTarget "ToolboxUITests" */ = {
			isa = XCConfigurationList;
			buildConfigurations = (
				A1C1BD881F00A0AA002FC0E0 /* Debug */,
				A1C1BD891F00A0AA002FC0E0 /* Release */,
			);
			defaultConfigurationIsVisible = 0;
			defaultConfigurationName = Release;
		};
/* End XCConfigurationList section */

/* Begin XCVersionGroup section */
		A13F7E861F4AA61C00ACA39C /* Model.xcdatamodeld */ = {
			isa = XCVersionGroup;
			children = (
				A13F7E871F4AA61C00ACA39C /* Model.xcdatamodel */,
			);
			currentVersion = A13F7E871F4AA61C00ACA39C /* Model.xcdatamodel */;
			path = Model.xcdatamodeld;
			sourceTree = "<group>";
			versionGroupType = wrapper.xcdatamodel;
		};
/* End XCVersionGroup section */
	};
	rootObject = A1C1BD511F00A0AA002FC0E0 /* Project object */;
}
